
Microsoft Visual Studio Solution File, Format Version 12.00
# Visual Studio 2012
Project("{FAE04EC0-301F-11D3-BF4B-00C04F79EFBC}") = "HeuristicLab.Clients.Hive.Slave-3.3", "HeuristicLab.Clients.Hive.Slave\3.3\HeuristicLab.Clients.Hive.Slave-3.3.csproj", "{989FE92B-484E-41EE-87E2-6A24AF0381D8}"
EndProject
Project("{FAE04EC0-301F-11D3-BF4B-00C04F79EFBC}") = "HeuristicLab.Clients.Hive.Slave.Views-3.3", "HeuristicLab.Clients.Hive.Slave.Views\3.3\HeuristicLab.Clients.Hive.Slave.Views-3.3.csproj", "{8C0D9F39-397F-4DBE-856F-BC4DC0FE23F8}"
EndProject
Project("{FAE04EC0-301F-11D3-BF4B-00C04F79EFBC}") = "HeuristicLab.Clients.Hive.Slave.App-3.3", "HeuristicLab.Clients.Hive.Slave.App\3.3\HeuristicLab.Clients.Hive.Slave.App-3.3.csproj", "{E3B93D5C-3B6B-4657-9B3E-F4297BAC0AA5}"
EndProject
Project("{FAE04EC0-301F-11D3-BF4B-00C04F79EFBC}") = "HeuristicLab.Clients.Hive.Slave.ConsoleClient-3.3", "HeuristicLab.Clients.Hive.Slave.ConsoleClient\3.3\HeuristicLab.Clients.Hive.Slave.ConsoleClient-3.3.csproj", "{464D70B8-2D91-485C-B622-22E4A4891C68}"
EndProject
Project("{FAE04EC0-301F-11D3-BF4B-00C04F79EFBC}") = "HeuristicLab.Clients.Hive.Slave.TrayIcon-3.3", "HeuristicLab.Clients.Hive.Slave.TrayIcon\3.3\HeuristicLab.Clients.Hive.Slave.TrayIcon-3.3.csproj", "{7C4B1DE4-FC9A-4448-BCF8-3CB3FA3CB8FA}"
EndProject
Project("{FAE04EC0-301F-11D3-BF4B-00C04F79EFBC}") = "HeuristicLab.Clients.Hive.Slave.WindowsService-3.3", "HeuristicLab.Clients.Hive.Slave.WindowsService\3.3\HeuristicLab.Clients.Hive.Slave.WindowsService-3.3.csproj", "{BA8001DE-E83C-4B1F-8B2E-2695C4222491}"
EndProject
Project("{2150E333-8FDC-42A3-9474-1A3956D46DE8}") = "HeuristicLab", "HeuristicLab", "{0171A900-E792-43D8-B1CA-83389B15AA55}"
EndProject
Project("{FAE04EC0-301F-11D3-BF4B-00C04F79EFBC}") = "HeuristicLab.Core-3.3", "HeuristicLab.Core\3.3\HeuristicLab.Core-3.3.csproj", "{A2B2856F-1DD9-4379-8830-318C0E71E1F0}"
EndProject
Project("{FAE04EC0-301F-11D3-BF4B-00C04F79EFBC}") = "HeuristicLab.Core.Views-3.3", "HeuristicLab.Core.Views\3.3\HeuristicLab.Core.Views-3.3.csproj", "{A574A861-9F0E-432D-9E6A-2818FA1453D4}"
EndProject
Project("{FAE04EC0-301F-11D3-BF4B-00C04F79EFBC}") = "HeuristicLab.Collections-3.3", "HeuristicLab.Collections\3.3\HeuristicLab.Collections-3.3.csproj", "{F409C5BF-6EFF-421C-A153-3DEF66216902}"
EndProject
Project("{FAE04EC0-301F-11D3-BF4B-00C04F79EFBC}") = "HeuristicLab.Tracing-3.3", "HeuristicLab.Tracing\3.3\HeuristicLab.Tracing-3.3.csproj", "{4A01F1B3-12C6-4F58-99BA-7E47C399A7EE}"
EndProject
Project("{FAE04EC0-301F-11D3-BF4B-00C04F79EFBC}") = "HeuristicLab.PluginInfrastructure-3.3", "HeuristicLab.PluginInfrastructure\3.3\HeuristicLab.PluginInfrastructure-3.3.csproj", "{63762CD9-AEF8-4F39-BD4D-3A53D1537584}"
EndProject
Project("{FAE04EC0-301F-11D3-BF4B-00C04F79EFBC}") = "HeuristicLab.Persistence-3.3", "HeuristicLab.Persistence\3.3\HeuristicLab.Persistence-3.3.csproj", "{DDA978FE-747F-4AAF-AA03-6C7984643801}"
EndProject
Project("{FAE04EC0-301F-11D3-BF4B-00C04F79EFBC}") = "HeuristicLab.Common-3.3", "HeuristicLab.Common\3.3\HeuristicLab.Common-3.3.csproj", "{443A4354-E587-4F20-AD43-05C6617BBAC9}"
EndProject
Project("{FAE04EC0-301F-11D3-BF4B-00C04F79EFBC}") = "HeuristicLab.Common.Resources-3.3", "HeuristicLab.Common.Resources\3.3\HeuristicLab.Common.Resources-3.3.csproj", "{01130C05-AD55-47A9-B753-A453F7A7083A}"
EndProject
Global
	GlobalSection(SolutionConfigurationPlatforms) = preSolution
		Debug|Any CPU = Debug|Any CPU
		Release|Any CPU = Release|Any CPU
	EndGlobalSection
	GlobalSection(ProjectConfigurationPlatforms) = postSolution
		{989FE92B-484E-41EE-87E2-6A24AF0381D8}.Debug|Any CPU.ActiveCfg = Debug|Any CPU
		{989FE92B-484E-41EE-87E2-6A24AF0381D8}.Debug|Any CPU.Build.0 = Debug|Any CPU
		{989FE92B-484E-41EE-87E2-6A24AF0381D8}.Release|Any CPU.ActiveCfg = Release|Any CPU
		{989FE92B-484E-41EE-87E2-6A24AF0381D8}.Release|Any CPU.Build.0 = Release|Any CPU
		{8C0D9F39-397F-4DBE-856F-BC4DC0FE23F8}.Debug|Any CPU.ActiveCfg = Debug|Any CPU
		{8C0D9F39-397F-4DBE-856F-BC4DC0FE23F8}.Debug|Any CPU.Build.0 = Debug|Any CPU
		{8C0D9F39-397F-4DBE-856F-BC4DC0FE23F8}.Release|Any CPU.ActiveCfg = Release|Any CPU
		{8C0D9F39-397F-4DBE-856F-BC4DC0FE23F8}.Release|Any CPU.Build.0 = Release|Any CPU
		{E3B93D5C-3B6B-4657-9B3E-F4297BAC0AA5}.Debug|Any CPU.ActiveCfg = Debug|Any CPU
		{E3B93D5C-3B6B-4657-9B3E-F4297BAC0AA5}.Debug|Any CPU.Build.0 = Debug|Any CPU
		{E3B93D5C-3B6B-4657-9B3E-F4297BAC0AA5}.Release|Any CPU.ActiveCfg = Release|Any CPU
		{E3B93D5C-3B6B-4657-9B3E-F4297BAC0AA5}.Release|Any CPU.Build.0 = Release|Any CPU
		{464D70B8-2D91-485C-B622-22E4A4891C68}.Debug|Any CPU.ActiveCfg = Debug|Any CPU
		{464D70B8-2D91-485C-B622-22E4A4891C68}.Debug|Any CPU.Build.0 = Debug|Any CPU
		{464D70B8-2D91-485C-B622-22E4A4891C68}.Release|Any CPU.ActiveCfg = Release|Any CPU
		{464D70B8-2D91-485C-B622-22E4A4891C68}.Release|Any CPU.Build.0 = Release|Any CPU
		{7C4B1DE4-FC9A-4448-BCF8-3CB3FA3CB8FA}.Debug|Any CPU.ActiveCfg = Debug|Any CPU
		{7C4B1DE4-FC9A-4448-BCF8-3CB3FA3CB8FA}.Debug|Any CPU.Build.0 = Debug|Any CPU
		{7C4B1DE4-FC9A-4448-BCF8-3CB3FA3CB8FA}.Release|Any CPU.ActiveCfg = Release|Any CPU
		{7C4B1DE4-FC9A-4448-BCF8-3CB3FA3CB8FA}.Release|Any CPU.Build.0 = Release|Any CPU
		{BA8001DE-E83C-4B1F-8B2E-2695C4222491}.Debug|Any CPU.ActiveCfg = Debug|Any CPU
		{BA8001DE-E83C-4B1F-8B2E-2695C4222491}.Debug|Any CPU.Build.0 = Debug|Any CPU
		{BA8001DE-E83C-4B1F-8B2E-2695C4222491}.Release|Any CPU.ActiveCfg = Release|Any CPU
		{BA8001DE-E83C-4B1F-8B2E-2695C4222491}.Release|Any CPU.Build.0 = Release|Any CPU
		{A2B2856F-1DD9-4379-8830-318C0E71E1F0}.Debug|Any CPU.ActiveCfg = Debug|Any CPU
		{A2B2856F-1DD9-4379-8830-318C0E71E1F0}.Debug|Any CPU.Build.0 = Debug|Any CPU
		{A2B2856F-1DD9-4379-8830-318C0E71E1F0}.Release|Any CPU.ActiveCfg = Release|Any CPU
		{A2B2856F-1DD9-4379-8830-318C0E71E1F0}.Release|Any CPU.Build.0 = Release|Any CPU
		{A574A861-9F0E-432D-9E6A-2818FA1453D4}.Debug|Any CPU.ActiveCfg = Debug|Any CPU
		{A574A861-9F0E-432D-9E6A-2818FA1453D4}.Debug|Any CPU.Build.0 = Debug|Any CPU
		{A574A861-9F0E-432D-9E6A-2818FA1453D4}.Release|Any CPU.ActiveCfg = Release|Any CPU
		{A574A861-9F0E-432D-9E6A-2818FA1453D4}.Release|Any CPU.Build.0 = Release|Any CPU
		{F409C5BF-6EFF-421C-A153-3DEF66216902}.Debug|Any CPU.ActiveCfg = Debug|Any CPU
		{F409C5BF-6EFF-421C-A153-3DEF66216902}.Debug|Any CPU.Build.0 = Debug|Any CPU
		{F409C5BF-6EFF-421C-A153-3DEF66216902}.Release|Any CPU.ActiveCfg = Release|Any CPU
		{F409C5BF-6EFF-421C-A153-3DEF66216902}.Release|Any CPU.Build.0 = Release|Any CPU
		{4A01F1B3-12C6-4F58-99BA-7E47C399A7EE}.Debug|Any CPU.ActiveCfg = Debug|Any CPU
		{4A01F1B3-12C6-4F58-99BA-7E47C399A7EE}.Debug|Any CPU.Build.0 = Debug|Any CPU
		{4A01F1B3-12C6-4F58-99BA-7E47C399A7EE}.Release|Any CPU.ActiveCfg = Release|Any CPU
		{4A01F1B3-12C6-4F58-99BA-7E47C399A7EE}.Release|Any CPU.Build.0 = Release|Any CPU
		{63762CD9-AEF8-4F39-BD4D-3A53D1537584}.Debug|Any CPU.ActiveCfg = Debug|Any CPU
		{63762CD9-AEF8-4F39-BD4D-3A53D1537584}.Debug|Any CPU.Build.0 = Debug|Any CPU
		{63762CD9-AEF8-4F39-BD4D-3A53D1537584}.Release|Any CPU.ActiveCfg = Release|Any CPU
		{63762CD9-AEF8-4F39-BD4D-3A53D1537584}.Release|Any CPU.Build.0 = Release|Any CPU
		{DDA978FE-747F-4AAF-AA03-6C7984643801}.Debug|Any CPU.ActiveCfg = Debug|Any CPU
		{DDA978FE-747F-4AAF-AA03-6C7984643801}.Debug|Any CPU.Build.0 = Debug|Any CPU
		{DDA978FE-747F-4AAF-AA03-6C7984643801}.Release|Any CPU.ActiveCfg = Release|Any CPU
		{DDA978FE-747F-4AAF-AA03-6C7984643801}.Release|Any CPU.Build.0 = Release|Any CPU
		{443A4354-E587-4F20-AD43-05C6617BBAC9}.Debug|Any CPU.ActiveCfg = Debug|Any CPU
		{443A4354-E587-4F20-AD43-05C6617BBAC9}.Debug|Any CPU.Build.0 = Debug|Any CPU
		{443A4354-E587-4F20-AD43-05C6617BBAC9}.Release|Any CPU.ActiveCfg = Release|Any CPU
		{443A4354-E587-4F20-AD43-05C6617BBAC9}.Release|Any CPU.Build.0 = Release|Any CPU
		{01130C05-AD55-47A9-B753-A453F7A7083A}.Debug|Any CPU.ActiveCfg = Debug|Any CPU
		{01130C05-AD55-47A9-B753-A453F7A7083A}.Debug|Any CPU.Build.0 = Debug|Any CPU
		{01130C05-AD55-47A9-B753-A453F7A7083A}.Release|Any CPU.ActiveCfg = Release|Any CPU
		{01130C05-AD55-47A9-B753-A453F7A7083A}.Release|Any CPU.Build.0 = Release|Any CPU
	EndGlobalSection
	GlobalSection(SolutionProperties) = preSolution
		HideSolutionNode = FALSE
	EndGlobalSection
	GlobalSection(NestedProjects) = preSolution
		{A2B2856F-1DD9-4379-8830-318C0E71E1F0} = {0171A900-E792-43D8-B1CA-83389B15AA55}
		{A574A861-9F0E-432D-9E6A-2818FA1453D4} = {0171A900-E792-43D8-B1CA-83389B15AA55}
		{F409C5BF-6EFF-421C-A153-3DEF66216902} = {0171A900-E792-43D8-B1CA-83389B15AA55}
		{4A01F1B3-12C6-4F58-99BA-7E47C399A7EE} = {0171A900-E792-43D8-B1CA-83389B15AA55}
		{63762CD9-AEF8-4F39-BD4D-3A53D1537584} = {0171A900-E792-43D8-B1CA-83389B15AA55}
		{DDA978FE-747F-4AAF-AA03-6C7984643801} = {0171A900-E792-43D8-B1CA-83389B15AA55}
		{443A4354-E587-4F20-AD43-05C6617BBAC9} = {0171A900-E792-43D8-B1CA-83389B15AA55}
		{01130C05-AD55-47A9-B753-A453F7A7083A} = {0171A900-E792-43D8-B1CA-83389B15AA55}
	EndGlobalSection
EndGlobal
