  80  13557864
  64  75  50  12  43   3  60  59  16  13  66   6  73  61  41  74  49  30
  23  63   5  52  46  19  71  20  70  56  51   4  57   7  24  44  35  14  
  40  67  79  28   8  53  11  77  80  39  76  32  17   9  21  22  68  47  
  37  18  55  58  25  65  27  36  78  54   2  48  45  69  15  34  31  26  
  33   1  29  62  72  10  42  38

