
Microsoft Visual Studio Solution File, Format Version 10.00
# Visual Studio 2008
Project("{2150E333-8FDC-42A3-9474-1A3956D46DE8}") = "Solution Items", "Solution Items", "{96396439-A764-4022-A8D2-BE021449B8D1}"
	ProjectSection(SolutionItems) = preProject
		ConfigMerger.exe = ConfigMerger.exe
		..\documentation\License\gpl-3.0.txt = ..\documentation\License\gpl-3.0.txt
		LocalTestRun.testrunconfig = LocalTestRun.testrunconfig
		PreBuildEvent.cmd = PreBuildEvent.cmd
	EndProjectSection
EndProject
Project("{FAE04EC0-301F-11D3-BF4B-00C04F79EFBC}") = "HeuristicLab", "HeuristicLab\HeuristicLab.csproj", "{623FB817-8371-4A9A-A491-4DECC87B2BBB}"
	ProjectSection(ProjectDependencies) = postProject
		{569E430B-B4CE-4B94-A44E-6246B6E4E3BC} = {569E430B-B4CE-4B94-A44E-6246B6E4E3BC}
		{25087811-F74C-4128-BC86-8324271DA13E} = {25087811-F74C-4128-BC86-8324271DA13E}
		{A8265018-D687-4907-8A36-63B25967A038} = {A8265018-D687-4907-8A36-63B25967A038}
		{C36BD924-A541-4A00-AFA8-41701378DDC5} = {C36BD924-A541-4A00-AFA8-41701378DDC5}
		{19C1E42A-4B48-4EFD-B697-899016F1C198} = {19C1E42A-4B48-4EFD-B697-899016F1C198}
		{6A5F8C2D-B0C3-4B36-BC20-9B1A91EE6DB6} = {6A5F8C2D-B0C3-4B36-BC20-9B1A91EE6DB6}
		{0E27A536-1C4A-4624-A65E-DC4F4F23E3E1} = {0E27A536-1C4A-4624-A65E-DC4F4F23E3E1}
		{55E23C37-F4F8-4B20-89B3-1B8B59050CE2} = {55E23C37-F4F8-4B20-89B3-1B8B59050CE2}
		{BEE2B944-7F12-42CC-95A0-6EFB837FDA00} = {BEE2B944-7F12-42CC-95A0-6EFB837FDA00}
		{2C36CD4F-E5F5-43A4-801A-201EA895FE17} = {2C36CD4F-E5F5-43A4-801A-201EA895FE17}
		{72908B54-D136-4BF2-8474-25AA6CB66C92} = {72908B54-D136-4BF2-8474-25AA6CB66C92}
		{00282156-589D-424F-9CE4-A8038636C926} = {00282156-589D-424F-9CE4-A8038636C926}
		{3BD61258-31DA-4B09-89C0-4F71FEF5F05A} = {3BD61258-31DA-4B09-89C0-4F71FEF5F05A}
		{DA0D505A-2149-4E3C-B220-5724DE26EB59} = {DA0D505A-2149-4E3C-B220-5724DE26EB59}
		{DC3D7072-7999-4719-B65D-3997744D5DC1} = {DC3D7072-7999-4719-B65D-3997744D5DC1}
		{81609E8A-9757-4865-8B89-0B6603F769E8} = {81609E8A-9757-4865-8B89-0B6603F769E8}
		{4BA6068B-647C-454D-AED1-F4833034A476} = {4BA6068B-647C-454D-AED1-F4833034A476}
		{BF7D9494-A586-457B-8DF9-ED599F9E6A71} = {BF7D9494-A586-457B-8DF9-ED599F9E6A71}
		{3A5ACA94-47A7-47D6-B644-2B8A7503FCCC} = {3A5ACA94-47A7-47D6-B644-2B8A7503FCCC}
		{EE956A95-6344-4B01-876F-BE95C5E2F92B} = {EE956A95-6344-4B01-876F-BE95C5E2F92B}
		{600287A3-8714-453E-B875-A05F3EB72315} = {600287A3-8714-453E-B875-A05F3EB72315}
		{6AD536AE-B4CC-4424-B0A2-20CECE88CE57} = {6AD536AE-B4CC-4424-B0A2-20CECE88CE57}
		{F4539FB6-4708-40C9-BE64-0A1390AEA197} = {F4539FB6-4708-40C9-BE64-0A1390AEA197}
		{AB687BBE-1BFE-476B-906D-44237135431D} = {AB687BBE-1BFE-476B-906D-44237135431D}
		{4C3305C4-E440-4EAD-B218-68D77AE51543} = {4C3305C4-E440-4EAD-B218-68D77AE51543}
		{C75532C4-765B-418E-B09B-46D36B2ABDB1} = {C75532C4-765B-418E-B09B-46D36B2ABDB1}
		{C2E99CCE-9FB0-456F-9BA0-57900E4AA799} = {C2E99CCE-9FB0-456F-9BA0-57900E4AA799}
		{102BC7D3-0EF9-439C-8F6D-96FF0FDB8E1B} = {102BC7D3-0EF9-439C-8F6D-96FF0FDB8E1B}
		{EE2034D9-6E27-48A1-B855-42D45F69A4FC} = {EE2034D9-6E27-48A1-B855-42D45F69A4FC}
		{A9E282EA-180F-4233-B809-AEDF0787545C} = {A9E282EA-180F-4233-B809-AEDF0787545C}
		{D4E8C5EC-DB4A-4FF5-AE45-770A88B6D609} = {D4E8C5EC-DB4A-4FF5-AE45-770A88B6D609}
		{23DA7FF4-D5B8-41B6-AA96-F0561D24F3EE} = {23DA7FF4-D5B8-41B6-AA96-F0561D24F3EE}
		{BBAB9DF5-5EF3-4BA8-ADE9-B36E82114937} = {BBAB9DF5-5EF3-4BA8-ADE9-B36E82114937}
		{1FC004FC-59AF-4249-B1B6-FF25873A20E4} = {1FC004FC-59AF-4249-B1B6-FF25873A20E4}
	EndProjectSection
EndProject
Project("{FAE04EC0-301F-11D3-BF4B-00C04F79EFBC}") = "HeuristicLab.PluginInfrastructure", "HeuristicLab.PluginInfrastructure\HeuristicLab.PluginInfrastructure.csproj", "{94186A6A-5176-4402-AE83-886557B53CCA}"
EndProject
Project("{FAE04EC0-301F-11D3-BF4B-00C04F79EFBC}") = "HeuristicLab.PluginInfrastructure.GUI", "HeuristicLab.PluginInfrastructure.GUI\HeuristicLab.PluginInfrastructure.GUI.csproj", "{D3F92C1F-42B4-4EFB-9E73-B64FD3428ADE}"
EndProject
Project("{FAE04EC0-301F-11D3-BF4B-00C04F79EFBC}") = "HeuristicLab.Persistence-3.3", "HeuristicLab.Persistence\3.3\HeuristicLab.Persistence-3.3.csproj", "{102BC7D3-0EF9-439C-8F6D-96FF0FDB8E1B}"
EndProject
Project("{FAE04EC0-301F-11D3-BF4B-00C04F79EFBC}") = "HeuristicLab.Persistence.GUI-3.3", "HeuristicLab.Persistence.GUI\3.3\HeuristicLab.Persistence.GUI-3.3.csproj", "{A9E282EA-180F-4233-B809-AEDF0787545C}"
EndProject
Project("{FAE04EC0-301F-11D3-BF4B-00C04F79EFBC}") = "HeuristicLab.Persistence.UnitTest", "HeuristicLab.Persistence\UnitTests\HeuristicLab.Persistence.UnitTest.csproj", "{BF7D9494-A586-457B-8DF9-ED599F9E6A71}"
EndProject
Project("{FAE04EC0-301F-11D3-BF4B-00C04F79EFBC}") = "HeuristicLab.Core-3.3", "HeuristicLab.Core\3.3\HeuristicLab.Core-3.3.csproj", "{C36BD924-A541-4A00-AFA8-41701378DDC5}"
EndProject
Project("{FAE04EC0-301F-11D3-BF4B-00C04F79EFBC}") = "HeuristicLab.Data-3.3", "HeuristicLab.Data\3.3\HeuristicLab.Data-3.3.csproj", "{BBAB9DF5-5EF3-4BA8-ADE9-B36E82114937}"
EndProject
Project("{FAE04EC0-301F-11D3-BF4B-00C04F79EFBC}") = "HeuristicLab.Constraints-3.3", "HeuristicLab.Constraints\3.3\HeuristicLab.Constraints-3.3.csproj", "{19C1E42A-4B48-4EFD-B697-899016F1C198}"
EndProject
Project("{FAE04EC0-301F-11D3-BF4B-00C04F79EFBC}") = "HeuristicLab.Operators-3.3", "HeuristicLab.Operators\3.3\HeuristicLab.Operators-3.3.csproj", "{23DA7FF4-D5B8-41B6-AA96-F0561D24F3EE}"
EndProject
Project("{FAE04EC0-301F-11D3-BF4B-00C04F79EFBC}") = "HeuristicLab.AdvancedOptimizationFrontend-3.3", "HeuristicLab.AdvancedOptimizationFrontend\3.3\HeuristicLab.AdvancedOptimizationFrontend-3.3.csproj", "{D4E8C5EC-DB4A-4FF5-AE45-770A88B6D609}"
EndProject
Project("{FAE04EC0-301F-11D3-BF4B-00C04F79EFBC}") = "HeuristicLab.SequentialEngine-3.3", "HeuristicLab.SequentialEngine\3.3\HeuristicLab.SequentialEngine-3.3.csproj", "{DC3D7072-7999-4719-B65D-3997744D5DC1}"
EndProject
Project("{FAE04EC0-301F-11D3-BF4B-00C04F79EFBC}") = "HeuristicLab.Permutation-3.3", "HeuristicLab.Permutation\3.3\HeuristicLab.Permutation-3.3.csproj", "{00282156-589D-424F-9CE4-A8038636C926}"
EndProject
Project("{FAE04EC0-301F-11D3-BF4B-00C04F79EFBC}") = "HeuristicLab.Evolutionary-3.3", "HeuristicLab.Evolutionary\3.3\HeuristicLab.Evolutionary-3.3.csproj", "{25087811-F74C-4128-BC86-8324271DA13E}"
EndProject
Project("{FAE04EC0-301F-11D3-BF4B-00C04F79EFBC}") = "HeuristicLab.Random-3.3", "HeuristicLab.Random\3.3\HeuristicLab.Random-3.3.csproj", "{F4539FB6-4708-40C9-BE64-0A1390AEA197}"
EndProject
Project("{FAE04EC0-301F-11D3-BF4B-00C04F79EFBC}") = "HeuristicLab.Selection-3.3", "HeuristicLab.Selection\3.3\HeuristicLab.Selection-3.3.csproj", "{2C36CD4F-E5F5-43A4-801A-201EA895FE17}"
EndProject
Project("{FAE04EC0-301F-11D3-BF4B-00C04F79EFBC}") = "HeuristicLab.Charting-3.3", "HeuristicLab.Charting\3.3\HeuristicLab.Charting-3.3.csproj", "{A8265018-D687-4907-8A36-63B25967A038}"
EndProject
Project("{FAE04EC0-301F-11D3-BF4B-00C04F79EFBC}") = "HeuristicLab.Routing.TSP-3.3", "HeuristicLab.Routing.TSP\3.3\HeuristicLab.Routing.TSP-3.3.csproj", "{600287A3-8714-453E-B875-A05F3EB72315}"
EndProject
Project("{FAE04EC0-301F-11D3-BF4B-00C04F79EFBC}") = "HeuristicLab.Charting.Data-3.3", "HeuristicLab.Charting.Data\3.3\HeuristicLab.Charting.Data-3.3.csproj", "{EE956A95-6344-4B01-876F-BE95C5E2F92B}"
EndProject
Project("{FAE04EC0-301F-11D3-BF4B-00C04F79EFBC}") = "HeuristicLab.Logging-3.3", "HeuristicLab.Logging\3.3\HeuristicLab.Logging-3.3.csproj", "{72908B54-D136-4BF2-8474-25AA6CB66C92}"
EndProject
Project("{FAE04EC0-301F-11D3-BF4B-00C04F79EFBC}") = "HeuristicLab.Operators.Programmable-3.3", "HeuristicLab.Operators.Programmable\3.3\HeuristicLab.Operators.Programmable-3.3.csproj", "{6A5F8C2D-B0C3-4B36-BC20-9B1A91EE6DB6}"
EndProject
Project("{FAE04EC0-301F-11D3-BF4B-00C04F79EFBC}") = "HeuristicLab.Selection.OffspringSelection-3.3", "HeuristicLab.Selection.OffspringSelection\3.3\HeuristicLab.Selection.OffspringSelection-3.3.csproj", "{81609E8A-9757-4865-8B89-0B6603F769E8}"
EndProject
Project("{FAE04EC0-301F-11D3-BF4B-00C04F79EFBC}") = "HeuristicLab.SGA-3.3", "HeuristicLab.SGA\3.3\HeuristicLab.SGA-3.3.csproj", "{4C3305C4-E440-4EAD-B218-68D77AE51543}"
EndProject
Project("{FAE04EC0-301F-11D3-BF4B-00C04F79EFBC}") = "HeuristicLab.TestFunctions-3.3", "HeuristicLab.TestFunctions\3.3\HeuristicLab.TestFunctions-3.3.csproj", "{55E23C37-F4F8-4B20-89B3-1B8B59050CE2}"
EndProject
Project("{FAE04EC0-301F-11D3-BF4B-00C04F79EFBC}") = "HeuristicLab.ThreadParallelEngine-3.3", "HeuristicLab.ThreadParallelEngine\3.3\HeuristicLab.ThreadParallelEngine-3.3.csproj", "{C2E99CCE-9FB0-456F-9BA0-57900E4AA799}"
EndProject
Project("{FAE04EC0-301F-11D3-BF4B-00C04F79EFBC}") = "HeuristicLab.OptimizationFrontend-3.3", "HeuristicLab.OptimizationFrontend\3.3\HeuristicLab.OptimizationFrontend-3.3.csproj", "{BEE2B944-7F12-42CC-95A0-6EFB837FDA00}"
EndProject
Project("{FAE04EC0-301F-11D3-BF4B-00C04F79EFBC}") = "HeuristicLab.DataAnalysis-3.3", "HeuristicLab.DataAnalysis\3.3\HeuristicLab.DataAnalysis-3.3.csproj", "{6AD536AE-B4CC-4424-B0A2-20CECE88CE57}"
EndProject
Project("{FAE04EC0-301F-11D3-BF4B-00C04F79EFBC}") = "HeuristicLab.GP-3.4", "HeuristicLab.GP\3.4\HeuristicLab.GP-3.4.csproj", "{DA0D505A-2149-4E3C-B220-5724DE26EB59}"
EndProject
Project("{FAE04EC0-301F-11D3-BF4B-00C04F79EFBC}") = "HeuristicLab.GP.StructureIdentification-3.4", "HeuristicLab.GP.StructureIdentification\3.4\HeuristicLab.GP.StructureIdentification-3.4.csproj", "{4BA6068B-647C-454D-AED1-F4833034A476}"
EndProject
Project("{FAE04EC0-301F-11D3-BF4B-00C04F79EFBC}") = "HeuristicLab.Modeling-3.3", "HeuristicLab.Modeling\3.3\HeuristicLab.Modeling-3.3.csproj", "{3A5ACA94-47A7-47D6-B644-2B8A7503FCCC}"
EndProject
Project("{FAE04EC0-301F-11D3-BF4B-00C04F79EFBC}") = "HeuristicLab 3.3", "HeuristicLab 3.3\HeuristicLab 3.3.csproj", "{B1DCDECA-B56E-41D5-9850-EF0D3A77DEAF}"
EndProject
Project("{FAE04EC0-301F-11D3-BF4B-00C04F79EFBC}") = "HeuristicLab.Tracing-3.2", "HeuristicLab.Tracing\3.2\HeuristicLab.Tracing-3.2.csproj", "{EE2034D9-6E27-48A1-B855-42D45F69A4FC}"
EndProject
Project("{FAE04EC0-301F-11D3-BF4B-00C04F79EFBC}") = "HeuristicLab.Common-3.2", "HeuristicLab.Common\3.2\HeuristicLab.Common-3.2.csproj", "{1FC004FC-59AF-4249-B1B6-FF25873A20E4}"
EndProject
Project("{FAE04EC0-301F-11D3-BF4B-00C04F79EFBC}") = "HeuristicLab.Common.Resources-3.2", "HeuristicLab.Common.Resources\3.2\HeuristicLab.Common.Resources-3.2.csproj", "{0E27A536-1C4A-4624-A65E-DC4F4F23E3E1}"
EndProject
Project("{FAE04EC0-301F-11D3-BF4B-00C04F79EFBC}") = "WinFormsUI", "WinFormsUI\WinFormsUI.csproj", "{C75532C4-765B-418E-B09B-46D36B2ABDB1}"
EndProject
Project("{FAE04EC0-301F-11D3-BF4B-00C04F79EFBC}") = "HeuristicLab.MainForm-3.2", "HeuristicLab.MainForm\3.2\HeuristicLab.MainForm-3.2.csproj", "{3BD61258-31DA-4B09-89C0-4F71FEF5F05A}"
EndProject
Project("{FAE04EC0-301F-11D3-BF4B-00C04F79EFBC}") = "HeuristicLab.MainForm.Test-3.2", "HeuristicLab.MainForm.Test\3.2\HeuristicLab.MainForm.Test-3.2.csproj", "{569E430B-B4CE-4B94-A44E-6246B6E4E3BC}"
EndProject
Project("{FAE04EC0-301F-11D3-BF4B-00C04F79EFBC}") = "HeuristicLab.MainForm.WindowsForms", "HeuristicLab.MainForm.WindowsForms\3.2\HeuristicLab.MainForm.WindowsForms.csproj", "{AB687BBE-1BFE-476B-906D-44237135431D}"
EndProject
Global
	GlobalSection(SolutionConfigurationPlatforms) = preSolution
		Debug|Any CPU = Debug|Any CPU
		Debug|x64 = Debug|x64
		Debug|x86 = Debug|x86
		Release|Any CPU = Release|Any CPU
		Release|x64 = Release|x64
		Release|x86 = Release|x86
	EndGlobalSection
	GlobalSection(ProjectConfigurationPlatforms) = postSolution
		{623FB817-8371-4A9A-A491-4DECC87B2BBB}.Debug|Any CPU.ActiveCfg = Debug|Any CPU
		{623FB817-8371-4A9A-A491-4DECC87B2BBB}.Debug|Any CPU.Build.0 = Debug|Any CPU
		{623FB817-8371-4A9A-A491-4DECC87B2BBB}.Debug|x64.ActiveCfg = Debug|x64
		{623FB817-8371-4A9A-A491-4DECC87B2BBB}.Debug|x64.Build.0 = Debug|x64
		{623FB817-8371-4A9A-A491-4DECC87B2BBB}.Debug|x86.ActiveCfg = Debug|x86
		{623FB817-8371-4A9A-A491-4DECC87B2BBB}.Debug|x86.Build.0 = Debug|x86
		{623FB817-8371-4A9A-A491-4DECC87B2BBB}.Release|Any CPU.ActiveCfg = Release|Any CPU
		{623FB817-8371-4A9A-A491-4DECC87B2BBB}.Release|Any CPU.Build.0 = Release|Any CPU
		{623FB817-8371-4A9A-A491-4DECC87B2BBB}.Release|x64.ActiveCfg = Release|x64
		{623FB817-8371-4A9A-A491-4DECC87B2BBB}.Release|x64.Build.0 = Release|x64
		{623FB817-8371-4A9A-A491-4DECC87B2BBB}.Release|x86.ActiveCfg = Release|x86
		{623FB817-8371-4A9A-A491-4DECC87B2BBB}.Release|x86.Build.0 = Release|x86
		{94186A6A-5176-4402-AE83-886557B53CCA}.Debug|Any CPU.ActiveCfg = Debug|Any CPU
		{94186A6A-5176-4402-AE83-886557B53CCA}.Debug|Any CPU.Build.0 = Debug|Any CPU
		{94186A6A-5176-4402-AE83-886557B53CCA}.Debug|x64.ActiveCfg = Debug|x64
		{94186A6A-5176-4402-AE83-886557B53CCA}.Debug|x64.Build.0 = Debug|x64
		{94186A6A-5176-4402-AE83-886557B53CCA}.Debug|x86.ActiveCfg = Debug|x86
		{94186A6A-5176-4402-AE83-886557B53CCA}.Debug|x86.Build.0 = Debug|x86
		{94186A6A-5176-4402-AE83-886557B53CCA}.Release|Any CPU.ActiveCfg = Release|Any CPU
		{94186A6A-5176-4402-AE83-886557B53CCA}.Release|Any CPU.Build.0 = Release|Any CPU
		{94186A6A-5176-4402-AE83-886557B53CCA}.Release|x64.ActiveCfg = Release|x64
		{94186A6A-5176-4402-AE83-886557B53CCA}.Release|x64.Build.0 = Release|x64
		{94186A6A-5176-4402-AE83-886557B53CCA}.Release|x86.ActiveCfg = Release|x86
		{94186A6A-5176-4402-AE83-886557B53CCA}.Release|x86.Build.0 = Release|x86
		{D3F92C1F-42B4-4EFB-9E73-B64FD3428ADE}.Debug|Any CPU.ActiveCfg = Debug|Any CPU
		{D3F92C1F-42B4-4EFB-9E73-B64FD3428ADE}.Debug|Any CPU.Build.0 = Debug|Any CPU
		{D3F92C1F-42B4-4EFB-9E73-B64FD3428ADE}.Debug|x64.ActiveCfg = Debug|x64
		{D3F92C1F-42B4-4EFB-9E73-B64FD3428ADE}.Debug|x64.Build.0 = Debug|x64
		{D3F92C1F-42B4-4EFB-9E73-B64FD3428ADE}.Debug|x86.ActiveCfg = Debug|x86
		{D3F92C1F-42B4-4EFB-9E73-B64FD3428ADE}.Debug|x86.Build.0 = Debug|x86
		{D3F92C1F-42B4-4EFB-9E73-B64FD3428ADE}.Release|Any CPU.ActiveCfg = Release|Any CPU
		{D3F92C1F-42B4-4EFB-9E73-B64FD3428ADE}.Release|Any CPU.Build.0 = Release|Any CPU
		{D3F92C1F-42B4-4EFB-9E73-B64FD3428ADE}.Release|x64.ActiveCfg = Release|x64
		{D3F92C1F-42B4-4EFB-9E73-B64FD3428ADE}.Release|x64.Build.0 = Release|x64
		{D3F92C1F-42B4-4EFB-9E73-B64FD3428ADE}.Release|x86.ActiveCfg = Release|x86
		{D3F92C1F-42B4-4EFB-9E73-B64FD3428ADE}.Release|x86.Build.0 = Release|x86
		{102BC7D3-0EF9-439C-8F6D-96FF0FDB8E1B}.Debug|Any CPU.ActiveCfg = Debug|Any CPU
		{102BC7D3-0EF9-439C-8F6D-96FF0FDB8E1B}.Debug|Any CPU.Build.0 = Debug|Any CPU
		{102BC7D3-0EF9-439C-8F6D-96FF0FDB8E1B}.Debug|x64.ActiveCfg = Debug|x64
		{102BC7D3-0EF9-439C-8F6D-96FF0FDB8E1B}.Debug|x64.Build.0 = Debug|x64
		{102BC7D3-0EF9-439C-8F6D-96FF0FDB8E1B}.Debug|x86.ActiveCfg = Debug|x86
		{102BC7D3-0EF9-439C-8F6D-96FF0FDB8E1B}.Debug|x86.Build.0 = Debug|x86
		{102BC7D3-0EF9-439C-8F6D-96FF0FDB8E1B}.Release|Any CPU.ActiveCfg = Release|Any CPU
		{102BC7D3-0EF9-439C-8F6D-96FF0FDB8E1B}.Release|Any CPU.Build.0 = Release|Any CPU
		{102BC7D3-0EF9-439C-8F6D-96FF0FDB8E1B}.Release|x64.ActiveCfg = Release|x64
		{102BC7D3-0EF9-439C-8F6D-96FF0FDB8E1B}.Release|x64.Build.0 = Release|x64
		{102BC7D3-0EF9-439C-8F6D-96FF0FDB8E1B}.Release|x86.ActiveCfg = Release|x86
		{102BC7D3-0EF9-439C-8F6D-96FF0FDB8E1B}.Release|x86.Build.0 = Release|x86
		{A9E282EA-180F-4233-B809-AEDF0787545C}.Debug|Any CPU.ActiveCfg = Debug|Any CPU
		{A9E282EA-180F-4233-B809-AEDF0787545C}.Debug|Any CPU.Build.0 = Debug|Any CPU
		{A9E282EA-180F-4233-B809-AEDF0787545C}.Debug|x64.ActiveCfg = Debug|x64
		{A9E282EA-180F-4233-B809-AEDF0787545C}.Debug|x64.Build.0 = Debug|x64
		{A9E282EA-180F-4233-B809-AEDF0787545C}.Debug|x86.ActiveCfg = Debug|x86
		{A9E282EA-180F-4233-B809-AEDF0787545C}.Debug|x86.Build.0 = Debug|x86
		{A9E282EA-180F-4233-B809-AEDF0787545C}.Release|Any CPU.ActiveCfg = Release|Any CPU
		{A9E282EA-180F-4233-B809-AEDF0787545C}.Release|Any CPU.Build.0 = Release|Any CPU
		{A9E282EA-180F-4233-B809-AEDF0787545C}.Release|x64.ActiveCfg = Release|x64
		{A9E282EA-180F-4233-B809-AEDF0787545C}.Release|x64.Build.0 = Release|x64
		{A9E282EA-180F-4233-B809-AEDF0787545C}.Release|x86.ActiveCfg = Release|x86
		{A9E282EA-180F-4233-B809-AEDF0787545C}.Release|x86.Build.0 = Release|x86
		{BF7D9494-A586-457B-8DF9-ED599F9E6A71}.Debug|Any CPU.ActiveCfg = Debug|Any CPU
		{BF7D9494-A586-457B-8DF9-ED599F9E6A71}.Debug|x64.ActiveCfg = Debug|x64
		{BF7D9494-A586-457B-8DF9-ED599F9E6A71}.Debug|x86.ActiveCfg = Debug|x86
		{BF7D9494-A586-457B-8DF9-ED599F9E6A71}.Release|Any CPU.ActiveCfg = Release|Any CPU
		{BF7D9494-A586-457B-8DF9-ED599F9E6A71}.Release|x64.ActiveCfg = Release|x64
		{BF7D9494-A586-457B-8DF9-ED599F9E6A71}.Release|x86.ActiveCfg = Release|x86
		{C36BD924-A541-4A00-AFA8-41701378DDC5}.Debug|Any CPU.ActiveCfg = Debug|Any CPU
		{C36BD924-A541-4A00-AFA8-41701378DDC5}.Debug|Any CPU.Build.0 = Debug|Any CPU
		{C36BD924-A541-4A00-AFA8-41701378DDC5}.Debug|x64.ActiveCfg = Debug|x64
		{C36BD924-A541-4A00-AFA8-41701378DDC5}.Debug|x64.Build.0 = Debug|x64
		{C36BD924-A541-4A00-AFA8-41701378DDC5}.Debug|x86.ActiveCfg = Debug|x86
		{C36BD924-A541-4A00-AFA8-41701378DDC5}.Debug|x86.Build.0 = Debug|x86
		{C36BD924-A541-4A00-AFA8-41701378DDC5}.Release|Any CPU.ActiveCfg = Release|Any CPU
		{C36BD924-A541-4A00-AFA8-41701378DDC5}.Release|Any CPU.Build.0 = Release|Any CPU
		{C36BD924-A541-4A00-AFA8-41701378DDC5}.Release|x64.ActiveCfg = Release|x64
		{C36BD924-A541-4A00-AFA8-41701378DDC5}.Release|x64.Build.0 = Release|x64
		{C36BD924-A541-4A00-AFA8-41701378DDC5}.Release|x86.ActiveCfg = Release|x86
		{C36BD924-A541-4A00-AFA8-41701378DDC5}.Release|x86.Build.0 = Release|x86
		{BBAB9DF5-5EF3-4BA8-ADE9-B36E82114937}.Debug|Any CPU.ActiveCfg = Debug|Any CPU
		{BBAB9DF5-5EF3-4BA8-ADE9-B36E82114937}.Debug|Any CPU.Build.0 = Debug|Any CPU
		{BBAB9DF5-5EF3-4BA8-ADE9-B36E82114937}.Debug|x64.ActiveCfg = Debug|x64
		{BBAB9DF5-5EF3-4BA8-ADE9-B36E82114937}.Debug|x64.Build.0 = Debug|x64
		{BBAB9DF5-5EF3-4BA8-ADE9-B36E82114937}.Debug|x86.ActiveCfg = Debug|x86
		{BBAB9DF5-5EF3-4BA8-ADE9-B36E82114937}.Debug|x86.Build.0 = Debug|x86
		{BBAB9DF5-5EF3-4BA8-ADE9-B36E82114937}.Release|Any CPU.ActiveCfg = Release|Any CPU
		{BBAB9DF5-5EF3-4BA8-ADE9-B36E82114937}.Release|Any CPU.Build.0 = Release|Any CPU
		{BBAB9DF5-5EF3-4BA8-ADE9-B36E82114937}.Release|x64.ActiveCfg = Release|x64
		{BBAB9DF5-5EF3-4BA8-ADE9-B36E82114937}.Release|x64.Build.0 = Release|x64
		{BBAB9DF5-5EF3-4BA8-ADE9-B36E82114937}.Release|x86.ActiveCfg = Release|x86
		{BBAB9DF5-5EF3-4BA8-ADE9-B36E82114937}.Release|x86.Build.0 = Release|x86
		{19C1E42A-4B48-4EFD-B697-899016F1C198}.Debug|Any CPU.ActiveCfg = Debug|Any CPU
		{19C1E42A-4B48-4EFD-B697-899016F1C198}.Debug|Any CPU.Build.0 = Debug|Any CPU
		{19C1E42A-4B48-4EFD-B697-899016F1C198}.Debug|x64.ActiveCfg = Debug|x64
		{19C1E42A-4B48-4EFD-B697-899016F1C198}.Debug|x64.Build.0 = Debug|x64
		{19C1E42A-4B48-4EFD-B697-899016F1C198}.Debug|x86.ActiveCfg = Debug|x86
		{19C1E42A-4B48-4EFD-B697-899016F1C198}.Debug|x86.Build.0 = Debug|x86
		{19C1E42A-4B48-4EFD-B697-899016F1C198}.Release|Any CPU.ActiveCfg = Release|Any CPU
		{19C1E42A-4B48-4EFD-B697-899016F1C198}.Release|Any CPU.Build.0 = Release|Any CPU
		{19C1E42A-4B48-4EFD-B697-899016F1C198}.Release|x64.ActiveCfg = Release|x64
		{19C1E42A-4B48-4EFD-B697-899016F1C198}.Release|x64.Build.0 = Release|x64
		{19C1E42A-4B48-4EFD-B697-899016F1C198}.Release|x86.ActiveCfg = Release|x86
		{19C1E42A-4B48-4EFD-B697-899016F1C198}.Release|x86.Build.0 = Release|x86
		{23DA7FF4-D5B8-41B6-AA96-F0561D24F3EE}.Debug|Any CPU.ActiveCfg = Debug|Any CPU
		{23DA7FF4-D5B8-41B6-AA96-F0561D24F3EE}.Debug|Any CPU.Build.0 = Debug|Any CPU
		{23DA7FF4-D5B8-41B6-AA96-F0561D24F3EE}.Debug|x64.ActiveCfg = Debug|x64
		{23DA7FF4-D5B8-41B6-AA96-F0561D24F3EE}.Debug|x64.Build.0 = Debug|x64
		{23DA7FF4-D5B8-41B6-AA96-F0561D24F3EE}.Debug|x86.ActiveCfg = Debug|x86
		{23DA7FF4-D5B8-41B6-AA96-F0561D24F3EE}.Debug|x86.Build.0 = Debug|x86
		{23DA7FF4-D5B8-41B6-AA96-F0561D24F3EE}.Release|Any CPU.ActiveCfg = Release|Any CPU
		{23DA7FF4-D5B8-41B6-AA96-F0561D24F3EE}.Release|Any CPU.Build.0 = Release|Any CPU
		{23DA7FF4-D5B8-41B6-AA96-F0561D24F3EE}.Release|x64.ActiveCfg = Release|x64
		{23DA7FF4-D5B8-41B6-AA96-F0561D24F3EE}.Release|x64.Build.0 = Release|x64
		{23DA7FF4-D5B8-41B6-AA96-F0561D24F3EE}.Release|x86.ActiveCfg = Release|x86
		{23DA7FF4-D5B8-41B6-AA96-F0561D24F3EE}.Release|x86.Build.0 = Release|x86
		{D4E8C5EC-DB4A-4FF5-AE45-770A88B6D609}.Debug|Any CPU.ActiveCfg = Debug|Any CPU
		{D4E8C5EC-DB4A-4FF5-AE45-770A88B6D609}.Debug|Any CPU.Build.0 = Debug|Any CPU
		{D4E8C5EC-DB4A-4FF5-AE45-770A88B6D609}.Debug|x64.ActiveCfg = Debug|x64
		{D4E8C5EC-DB4A-4FF5-AE45-770A88B6D609}.Debug|x64.Build.0 = Debug|x64
		{D4E8C5EC-DB4A-4FF5-AE45-770A88B6D609}.Debug|x86.ActiveCfg = Debug|x86
		{D4E8C5EC-DB4A-4FF5-AE45-770A88B6D609}.Debug|x86.Build.0 = Debug|x86
		{D4E8C5EC-DB4A-4FF5-AE45-770A88B6D609}.Release|Any CPU.ActiveCfg = Release|Any CPU
		{D4E8C5EC-DB4A-4FF5-AE45-770A88B6D609}.Release|Any CPU.Build.0 = Release|Any CPU
		{D4E8C5EC-DB4A-4FF5-AE45-770A88B6D609}.Release|x64.ActiveCfg = Release|x64
		{D4E8C5EC-DB4A-4FF5-AE45-770A88B6D609}.Release|x64.Build.0 = Release|x64
		{D4E8C5EC-DB4A-4FF5-AE45-770A88B6D609}.Release|x86.ActiveCfg = Release|x86
		{D4E8C5EC-DB4A-4FF5-AE45-770A88B6D609}.Release|x86.Build.0 = Release|x86
		{DC3D7072-7999-4719-B65D-3997744D5DC1}.Debug|Any CPU.ActiveCfg = Debug|Any CPU
		{DC3D7072-7999-4719-B65D-3997744D5DC1}.Debug|Any CPU.Build.0 = Debug|Any CPU
		{DC3D7072-7999-4719-B65D-3997744D5DC1}.Debug|x64.ActiveCfg = Debug|x64
		{DC3D7072-7999-4719-B65D-3997744D5DC1}.Debug|x64.Build.0 = Debug|x64
		{DC3D7072-7999-4719-B65D-3997744D5DC1}.Debug|x86.ActiveCfg = Debug|x86
		{DC3D7072-7999-4719-B65D-3997744D5DC1}.Debug|x86.Build.0 = Debug|x86
		{DC3D7072-7999-4719-B65D-3997744D5DC1}.Release|Any CPU.ActiveCfg = Release|Any CPU
		{DC3D7072-7999-4719-B65D-3997744D5DC1}.Release|Any CPU.Build.0 = Release|Any CPU
		{DC3D7072-7999-4719-B65D-3997744D5DC1}.Release|x64.ActiveCfg = Release|x64
		{DC3D7072-7999-4719-B65D-3997744D5DC1}.Release|x64.Build.0 = Release|x64
		{DC3D7072-7999-4719-B65D-3997744D5DC1}.Release|x86.ActiveCfg = Release|x86
		{DC3D7072-7999-4719-B65D-3997744D5DC1}.Release|x86.Build.0 = Release|x86
		{00282156-589D-424F-9CE4-A8038636C926}.Debug|Any CPU.ActiveCfg = Debug|Any CPU
		{00282156-589D-424F-9CE4-A8038636C926}.Debug|Any CPU.Build.0 = Debug|Any CPU
		{00282156-589D-424F-9CE4-A8038636C926}.Debug|x64.ActiveCfg = Debug|x64
		{00282156-589D-424F-9CE4-A8038636C926}.Debug|x64.Build.0 = Debug|x64
		{00282156-589D-424F-9CE4-A8038636C926}.Debug|x86.ActiveCfg = Debug|x86
		{00282156-589D-424F-9CE4-A8038636C926}.Debug|x86.Build.0 = Debug|x86
		{00282156-589D-424F-9CE4-A8038636C926}.Release|Any CPU.ActiveCfg = Release|Any CPU
		{00282156-589D-424F-9CE4-A8038636C926}.Release|Any CPU.Build.0 = Release|Any CPU
		{00282156-589D-424F-9CE4-A8038636C926}.Release|x64.ActiveCfg = Release|x64
		{00282156-589D-424F-9CE4-A8038636C926}.Release|x64.Build.0 = Release|x64
		{00282156-589D-424F-9CE4-A8038636C926}.Release|x86.ActiveCfg = Release|x86
		{00282156-589D-424F-9CE4-A8038636C926}.Release|x86.Build.0 = Release|x86
		{25087811-F74C-4128-BC86-8324271DA13E}.Debug|Any CPU.ActiveCfg = Debug|Any CPU
		{25087811-F74C-4128-BC86-8324271DA13E}.Debug|Any CPU.Build.0 = Debug|Any CPU
		{25087811-F74C-4128-BC86-8324271DA13E}.Debug|x64.ActiveCfg = Debug|x64
		{25087811-F74C-4128-BC86-8324271DA13E}.Debug|x64.Build.0 = Debug|x64
		{25087811-F74C-4128-BC86-8324271DA13E}.Debug|x86.ActiveCfg = Debug|x86
		{25087811-F74C-4128-BC86-8324271DA13E}.Debug|x86.Build.0 = Debug|x86
		{25087811-F74C-4128-BC86-8324271DA13E}.Release|Any CPU.ActiveCfg = Release|Any CPU
		{25087811-F74C-4128-BC86-8324271DA13E}.Release|Any CPU.Build.0 = Release|Any CPU
		{25087811-F74C-4128-BC86-8324271DA13E}.Release|x64.ActiveCfg = Release|x64
		{25087811-F74C-4128-BC86-8324271DA13E}.Release|x64.Build.0 = Release|x64
		{25087811-F74C-4128-BC86-8324271DA13E}.Release|x86.ActiveCfg = Release|x86
		{25087811-F74C-4128-BC86-8324271DA13E}.Release|x86.Build.0 = Release|x86
		{F4539FB6-4708-40C9-BE64-0A1390AEA197}.Debug|Any CPU.ActiveCfg = Debug|Any CPU
		{F4539FB6-4708-40C9-BE64-0A1390AEA197}.Debug|Any CPU.Build.0 = Debug|Any CPU
		{F4539FB6-4708-40C9-BE64-0A1390AEA197}.Debug|x64.ActiveCfg = Debug|x64
		{F4539FB6-4708-40C9-BE64-0A1390AEA197}.Debug|x64.Build.0 = Debug|x64
		{F4539FB6-4708-40C9-BE64-0A1390AEA197}.Debug|x86.ActiveCfg = Debug|x86
		{F4539FB6-4708-40C9-BE64-0A1390AEA197}.Debug|x86.Build.0 = Debug|x86
		{F4539FB6-4708-40C9-BE64-0A1390AEA197}.Release|Any CPU.ActiveCfg = Release|Any CPU
		{F4539FB6-4708-40C9-BE64-0A1390AEA197}.Release|Any CPU.Build.0 = Release|Any CPU
		{F4539FB6-4708-40C9-BE64-0A1390AEA197}.Release|x64.ActiveCfg = Release|x64
		{F4539FB6-4708-40C9-BE64-0A1390AEA197}.Release|x64.Build.0 = Release|x64
		{F4539FB6-4708-40C9-BE64-0A1390AEA197}.Release|x86.ActiveCfg = Release|x86
		{F4539FB6-4708-40C9-BE64-0A1390AEA197}.Release|x86.Build.0 = Release|x86
		{2C36CD4F-E5F5-43A4-801A-201EA895FE17}.Debug|Any CPU.ActiveCfg = Debug|Any CPU
		{2C36CD4F-E5F5-43A4-801A-201EA895FE17}.Debug|Any CPU.Build.0 = Debug|Any CPU
		{2C36CD4F-E5F5-43A4-801A-201EA895FE17}.Debug|x64.ActiveCfg = Debug|x64
		{2C36CD4F-E5F5-43A4-801A-201EA895FE17}.Debug|x64.Build.0 = Debug|x64
		{2C36CD4F-E5F5-43A4-801A-201EA895FE17}.Debug|x86.ActiveCfg = Debug|x86
		{2C36CD4F-E5F5-43A4-801A-201EA895FE17}.Debug|x86.Build.0 = Debug|x86
		{2C36CD4F-E5F5-43A4-801A-201EA895FE17}.Release|Any CPU.ActiveCfg = Release|Any CPU
		{2C36CD4F-E5F5-43A4-801A-201EA895FE17}.Release|Any CPU.Build.0 = Release|Any CPU
		{2C36CD4F-E5F5-43A4-801A-201EA895FE17}.Release|x64.ActiveCfg = Release|x64
		{2C36CD4F-E5F5-43A4-801A-201EA895FE17}.Release|x64.Build.0 = Release|x64
		{2C36CD4F-E5F5-43A4-801A-201EA895FE17}.Release|x86.ActiveCfg = Release|x86
		{2C36CD4F-E5F5-43A4-801A-201EA895FE17}.Release|x86.Build.0 = Release|x86
		{A8265018-D687-4907-8A36-63B25967A038}.Debug|Any CPU.ActiveCfg = Debug|Any CPU
		{A8265018-D687-4907-8A36-63B25967A038}.Debug|Any CPU.Build.0 = Debug|Any CPU
		{A8265018-D687-4907-8A36-63B25967A038}.Debug|x64.ActiveCfg = Debug|x64
		{A8265018-D687-4907-8A36-63B25967A038}.Debug|x64.Build.0 = Debug|x64
		{A8265018-D687-4907-8A36-63B25967A038}.Debug|x86.ActiveCfg = Debug|x86
		{A8265018-D687-4907-8A36-63B25967A038}.Debug|x86.Build.0 = Debug|x86
		{A8265018-D687-4907-8A36-63B25967A038}.Release|Any CPU.ActiveCfg = Release|Any CPU
		{A8265018-D687-4907-8A36-63B25967A038}.Release|Any CPU.Build.0 = Release|Any CPU
		{A8265018-D687-4907-8A36-63B25967A038}.Release|x64.ActiveCfg = Release|x64
		{A8265018-D687-4907-8A36-63B25967A038}.Release|x64.Build.0 = Release|x64
		{A8265018-D687-4907-8A36-63B25967A038}.Release|x86.ActiveCfg = Release|x86
		{A8265018-D687-4907-8A36-63B25967A038}.Release|x86.Build.0 = Release|x86
		{600287A3-8714-453E-B875-A05F3EB72315}.Debug|Any CPU.ActiveCfg = Debug|Any CPU
		{600287A3-8714-453E-B875-A05F3EB72315}.Debug|Any CPU.Build.0 = Debug|Any CPU
		{600287A3-8714-453E-B875-A05F3EB72315}.Debug|x64.ActiveCfg = Debug|x64
		{600287A3-8714-453E-B875-A05F3EB72315}.Debug|x64.Build.0 = Debug|x64
		{600287A3-8714-453E-B875-A05F3EB72315}.Debug|x86.ActiveCfg = Debug|x86
		{600287A3-8714-453E-B875-A05F3EB72315}.Debug|x86.Build.0 = Debug|x86
		{600287A3-8714-453E-B875-A05F3EB72315}.Release|Any CPU.ActiveCfg = Release|Any CPU
		{600287A3-8714-453E-B875-A05F3EB72315}.Release|Any CPU.Build.0 = Release|Any CPU
		{600287A3-8714-453E-B875-A05F3EB72315}.Release|x64.ActiveCfg = Release|x64
		{600287A3-8714-453E-B875-A05F3EB72315}.Release|x64.Build.0 = Release|x64
		{600287A3-8714-453E-B875-A05F3EB72315}.Release|x86.ActiveCfg = Release|x86
		{600287A3-8714-453E-B875-A05F3EB72315}.Release|x86.Build.0 = Release|x86
		{EE956A95-6344-4B01-876F-BE95C5E2F92B}.Debug|Any CPU.ActiveCfg = Debug|Any CPU
		{EE956A95-6344-4B01-876F-BE95C5E2F92B}.Debug|Any CPU.Build.0 = Debug|Any CPU
		{EE956A95-6344-4B01-876F-BE95C5E2F92B}.Debug|x64.ActiveCfg = Debug|x64
		{EE956A95-6344-4B01-876F-BE95C5E2F92B}.Debug|x64.Build.0 = Debug|x64
		{EE956A95-6344-4B01-876F-BE95C5E2F92B}.Debug|x86.ActiveCfg = Debug|x86
		{EE956A95-6344-4B01-876F-BE95C5E2F92B}.Debug|x86.Build.0 = Debug|x86
		{EE956A95-6344-4B01-876F-BE95C5E2F92B}.Release|Any CPU.ActiveCfg = Release|Any CPU
		{EE956A95-6344-4B01-876F-BE95C5E2F92B}.Release|Any CPU.Build.0 = Release|Any CPU
		{EE956A95-6344-4B01-876F-BE95C5E2F92B}.Release|x64.ActiveCfg = Release|x64
		{EE956A95-6344-4B01-876F-BE95C5E2F92B}.Release|x64.Build.0 = Release|x64
		{EE956A95-6344-4B01-876F-BE95C5E2F92B}.Release|x86.ActiveCfg = Release|x86
		{EE956A95-6344-4B01-876F-BE95C5E2F92B}.Release|x86.Build.0 = Release|x86
		{72908B54-D136-4BF2-8474-25AA6CB66C92}.Debug|Any CPU.ActiveCfg = Debug|Any CPU
		{72908B54-D136-4BF2-8474-25AA6CB66C92}.Debug|Any CPU.Build.0 = Debug|Any CPU
		{72908B54-D136-4BF2-8474-25AA6CB66C92}.Debug|x64.ActiveCfg = Debug|x64
		{72908B54-D136-4BF2-8474-25AA6CB66C92}.Debug|x64.Build.0 = Debug|x64
		{72908B54-D136-4BF2-8474-25AA6CB66C92}.Debug|x86.ActiveCfg = Debug|x86
		{72908B54-D136-4BF2-8474-25AA6CB66C92}.Debug|x86.Build.0 = Debug|x86
		{72908B54-D136-4BF2-8474-25AA6CB66C92}.Release|Any CPU.ActiveCfg = Release|Any CPU
		{72908B54-D136-4BF2-8474-25AA6CB66C92}.Release|Any CPU.Build.0 = Release|Any CPU
		{72908B54-D136-4BF2-8474-25AA6CB66C92}.Release|x64.ActiveCfg = Release|x64
		{72908B54-D136-4BF2-8474-25AA6CB66C92}.Release|x64.Build.0 = Release|x64
		{72908B54-D136-4BF2-8474-25AA6CB66C92}.Release|x86.ActiveCfg = Release|x86
		{72908B54-D136-4BF2-8474-25AA6CB66C92}.Release|x86.Build.0 = Release|x86
		{6A5F8C2D-B0C3-4B36-BC20-9B1A91EE6DB6}.Debug|Any CPU.ActiveCfg = Debug|Any CPU
		{6A5F8C2D-B0C3-4B36-BC20-9B1A91EE6DB6}.Debug|Any CPU.Build.0 = Debug|Any CPU
		{6A5F8C2D-B0C3-4B36-BC20-9B1A91EE6DB6}.Debug|x64.ActiveCfg = Debug|x64
		{6A5F8C2D-B0C3-4B36-BC20-9B1A91EE6DB6}.Debug|x64.Build.0 = Debug|x64
		{6A5F8C2D-B0C3-4B36-BC20-9B1A91EE6DB6}.Debug|x86.ActiveCfg = Debug|x86
		{6A5F8C2D-B0C3-4B36-BC20-9B1A91EE6DB6}.Debug|x86.Build.0 = Debug|x86
		{6A5F8C2D-B0C3-4B36-BC20-9B1A91EE6DB6}.Release|Any CPU.ActiveCfg = Release|Any CPU
		{6A5F8C2D-B0C3-4B36-BC20-9B1A91EE6DB6}.Release|Any CPU.Build.0 = Release|Any CPU
		{6A5F8C2D-B0C3-4B36-BC20-9B1A91EE6DB6}.Release|x64.ActiveCfg = Release|x64
		{6A5F8C2D-B0C3-4B36-BC20-9B1A91EE6DB6}.Release|x64.Build.0 = Release|x64
		{6A5F8C2D-B0C3-4B36-BC20-9B1A91EE6DB6}.Release|x86.ActiveCfg = Release|x86
		{6A5F8C2D-B0C3-4B36-BC20-9B1A91EE6DB6}.Release|x86.Build.0 = Release|x86
		{81609E8A-9757-4865-8B89-0B6603F769E8}.Debug|Any CPU.ActiveCfg = Debug|Any CPU
		{81609E8A-9757-4865-8B89-0B6603F769E8}.Debug|Any CPU.Build.0 = Debug|Any CPU
		{81609E8A-9757-4865-8B89-0B6603F769E8}.Debug|x64.ActiveCfg = Debug|x64
		{81609E8A-9757-4865-8B89-0B6603F769E8}.Debug|x64.Build.0 = Debug|x64
		{81609E8A-9757-4865-8B89-0B6603F769E8}.Debug|x86.ActiveCfg = Debug|x86
		{81609E8A-9757-4865-8B89-0B6603F769E8}.Debug|x86.Build.0 = Debug|x86
		{81609E8A-9757-4865-8B89-0B6603F769E8}.Release|Any CPU.ActiveCfg = Release|Any CPU
		{81609E8A-9757-4865-8B89-0B6603F769E8}.Release|Any CPU.Build.0 = Release|Any CPU
		{81609E8A-9757-4865-8B89-0B6603F769E8}.Release|x64.ActiveCfg = Release|x64
		{81609E8A-9757-4865-8B89-0B6603F769E8}.Release|x64.Build.0 = Release|x64
		{81609E8A-9757-4865-8B89-0B6603F769E8}.Release|x86.ActiveCfg = Release|x86
		{81609E8A-9757-4865-8B89-0B6603F769E8}.Release|x86.Build.0 = Release|x86
		{4C3305C4-E440-4EAD-B218-68D77AE51543}.Debug|Any CPU.ActiveCfg = Debug|Any CPU
		{4C3305C4-E440-4EAD-B218-68D77AE51543}.Debug|Any CPU.Build.0 = Debug|Any CPU
		{4C3305C4-E440-4EAD-B218-68D77AE51543}.Debug|x64.ActiveCfg = Debug|x64
		{4C3305C4-E440-4EAD-B218-68D77AE51543}.Debug|x64.Build.0 = Debug|x64
		{4C3305C4-E440-4EAD-B218-68D77AE51543}.Debug|x86.ActiveCfg = Debug|x86
		{4C3305C4-E440-4EAD-B218-68D77AE51543}.Debug|x86.Build.0 = Debug|x86
		{4C3305C4-E440-4EAD-B218-68D77AE51543}.Release|Any CPU.ActiveCfg = Release|Any CPU
		{4C3305C4-E440-4EAD-B218-68D77AE51543}.Release|Any CPU.Build.0 = Release|Any CPU
		{4C3305C4-E440-4EAD-B218-68D77AE51543}.Release|x64.ActiveCfg = Release|x64
		{4C3305C4-E440-4EAD-B218-68D77AE51543}.Release|x64.Build.0 = Release|x64
		{4C3305C4-E440-4EAD-B218-68D77AE51543}.Release|x86.ActiveCfg = Release|x86
		{4C3305C4-E440-4EAD-B218-68D77AE51543}.Release|x86.Build.0 = Release|x86
		{55E23C37-F4F8-4B20-89B3-1B8B59050CE2}.Debug|Any CPU.ActiveCfg = Debug|Any CPU
		{55E23C37-F4F8-4B20-89B3-1B8B59050CE2}.Debug|Any CPU.Build.0 = Debug|Any CPU
		{55E23C37-F4F8-4B20-89B3-1B8B59050CE2}.Debug|x64.ActiveCfg = Debug|x64
		{55E23C37-F4F8-4B20-89B3-1B8B59050CE2}.Debug|x64.Build.0 = Debug|x64
		{55E23C37-F4F8-4B20-89B3-1B8B59050CE2}.Debug|x86.ActiveCfg = Debug|x86
		{55E23C37-F4F8-4B20-89B3-1B8B59050CE2}.Debug|x86.Build.0 = Debug|x86
		{55E23C37-F4F8-4B20-89B3-1B8B59050CE2}.Release|Any CPU.ActiveCfg = Release|Any CPU
		{55E23C37-F4F8-4B20-89B3-1B8B59050CE2}.Release|Any CPU.Build.0 = Release|Any CPU
		{55E23C37-F4F8-4B20-89B3-1B8B59050CE2}.Release|x64.ActiveCfg = Release|x64
		{55E23C37-F4F8-4B20-89B3-1B8B59050CE2}.Release|x64.Build.0 = Release|x64
		{55E23C37-F4F8-4B20-89B3-1B8B59050CE2}.Release|x86.ActiveCfg = Release|x86
		{55E23C37-F4F8-4B20-89B3-1B8B59050CE2}.Release|x86.Build.0 = Release|x86
		{C2E99CCE-9FB0-456F-9BA0-57900E4AA799}.Debug|Any CPU.ActiveCfg = Debug|Any CPU
		{C2E99CCE-9FB0-456F-9BA0-57900E4AA799}.Debug|Any CPU.Build.0 = Debug|Any CPU
		{C2E99CCE-9FB0-456F-9BA0-57900E4AA799}.Debug|x64.ActiveCfg = Debug|x64
		{C2E99CCE-9FB0-456F-9BA0-57900E4AA799}.Debug|x64.Build.0 = Debug|x64
		{C2E99CCE-9FB0-456F-9BA0-57900E4AA799}.Debug|x86.ActiveCfg = Debug|x86
		{C2E99CCE-9FB0-456F-9BA0-57900E4AA799}.Debug|x86.Build.0 = Debug|x86
		{C2E99CCE-9FB0-456F-9BA0-57900E4AA799}.Release|Any CPU.ActiveCfg = Release|Any CPU
		{C2E99CCE-9FB0-456F-9BA0-57900E4AA799}.Release|Any CPU.Build.0 = Release|Any CPU
		{C2E99CCE-9FB0-456F-9BA0-57900E4AA799}.Release|x64.ActiveCfg = Release|x64
		{C2E99CCE-9FB0-456F-9BA0-57900E4AA799}.Release|x64.Build.0 = Release|x64
		{C2E99CCE-9FB0-456F-9BA0-57900E4AA799}.Release|x86.ActiveCfg = Release|x86
		{C2E99CCE-9FB0-456F-9BA0-57900E4AA799}.Release|x86.Build.0 = Release|x86
		{BEE2B944-7F12-42CC-95A0-6EFB837FDA00}.Debug|Any CPU.ActiveCfg = Debug|Any CPU
		{BEE2B944-7F12-42CC-95A0-6EFB837FDA00}.Debug|Any CPU.Build.0 = Debug|Any CPU
		{BEE2B944-7F12-42CC-95A0-6EFB837FDA00}.Debug|x64.ActiveCfg = Debug|x64
		{BEE2B944-7F12-42CC-95A0-6EFB837FDA00}.Debug|x64.Build.0 = Debug|x64
		{BEE2B944-7F12-42CC-95A0-6EFB837FDA00}.Debug|x86.ActiveCfg = Debug|x86
		{BEE2B944-7F12-42CC-95A0-6EFB837FDA00}.Debug|x86.Build.0 = Debug|x86
		{BEE2B944-7F12-42CC-95A0-6EFB837FDA00}.Release|Any CPU.ActiveCfg = Release|Any CPU
		{BEE2B944-7F12-42CC-95A0-6EFB837FDA00}.Release|Any CPU.Build.0 = Release|Any CPU
		{BEE2B944-7F12-42CC-95A0-6EFB837FDA00}.Release|x64.ActiveCfg = Release|x64
		{BEE2B944-7F12-42CC-95A0-6EFB837FDA00}.Release|x64.Build.0 = Release|x64
		{BEE2B944-7F12-42CC-95A0-6EFB837FDA00}.Release|x86.ActiveCfg = Release|x86
		{BEE2B944-7F12-42CC-95A0-6EFB837FDA00}.Release|x86.Build.0 = Release|x86
		{6AD536AE-B4CC-4424-B0A2-20CECE88CE57}.Debug|Any CPU.ActiveCfg = Debug|Any CPU
		{6AD536AE-B4CC-4424-B0A2-20CECE88CE57}.Debug|Any CPU.Build.0 = Debug|Any CPU
		{6AD536AE-B4CC-4424-B0A2-20CECE88CE57}.Debug|x64.ActiveCfg = Debug|x64
		{6AD536AE-B4CC-4424-B0A2-20CECE88CE57}.Debug|x64.Build.0 = Debug|x64
		{6AD536AE-B4CC-4424-B0A2-20CECE88CE57}.Debug|x86.ActiveCfg = Debug|x86
		{6AD536AE-B4CC-4424-B0A2-20CECE88CE57}.Debug|x86.Build.0 = Debug|x86
		{6AD536AE-B4CC-4424-B0A2-20CECE88CE57}.Release|Any CPU.ActiveCfg = Release|Any CPU
		{6AD536AE-B4CC-4424-B0A2-20CECE88CE57}.Release|Any CPU.Build.0 = Release|Any CPU
		{6AD536AE-B4CC-4424-B0A2-20CECE88CE57}.Release|x64.ActiveCfg = Release|x64
		{6AD536AE-B4CC-4424-B0A2-20CECE88CE57}.Release|x64.Build.0 = Release|x64
		{6AD536AE-B4CC-4424-B0A2-20CECE88CE57}.Release|x86.ActiveCfg = Release|x86
		{6AD536AE-B4CC-4424-B0A2-20CECE88CE57}.Release|x86.Build.0 = Release|x86
		{DA0D505A-2149-4E3C-B220-5724DE26EB59}.Debug|Any CPU.ActiveCfg = Debug|Any CPU
		{DA0D505A-2149-4E3C-B220-5724DE26EB59}.Debug|Any CPU.Build.0 = Debug|Any CPU
		{DA0D505A-2149-4E3C-B220-5724DE26EB59}.Debug|x64.ActiveCfg = Debug|x64
		{DA0D505A-2149-4E3C-B220-5724DE26EB59}.Debug|x64.Build.0 = Debug|x64
		{DA0D505A-2149-4E3C-B220-5724DE26EB59}.Debug|x86.ActiveCfg = Debug|x86
		{DA0D505A-2149-4E3C-B220-5724DE26EB59}.Debug|x86.Build.0 = Debug|x86
		{DA0D505A-2149-4E3C-B220-5724DE26EB59}.Release|Any CPU.ActiveCfg = Release|Any CPU
		{DA0D505A-2149-4E3C-B220-5724DE26EB59}.Release|Any CPU.Build.0 = Release|Any CPU
		{DA0D505A-2149-4E3C-B220-5724DE26EB59}.Release|x64.ActiveCfg = Release|x64
		{DA0D505A-2149-4E3C-B220-5724DE26EB59}.Release|x64.Build.0 = Release|x64
		{DA0D505A-2149-4E3C-B220-5724DE26EB59}.Release|x86.ActiveCfg = Release|x86
		{DA0D505A-2149-4E3C-B220-5724DE26EB59}.Release|x86.Build.0 = Release|x86
		{4BA6068B-647C-454D-AED1-F4833034A476}.Debug|Any CPU.ActiveCfg = Debug|Any CPU
		{4BA6068B-647C-454D-AED1-F4833034A476}.Debug|Any CPU.Build.0 = Debug|Any CPU
		{4BA6068B-647C-454D-AED1-F4833034A476}.Debug|x64.ActiveCfg = Debug|x64
		{4BA6068B-647C-454D-AED1-F4833034A476}.Debug|x64.Build.0 = Debug|x64
		{4BA6068B-647C-454D-AED1-F4833034A476}.Debug|x86.ActiveCfg = Debug|x86
		{4BA6068B-647C-454D-AED1-F4833034A476}.Debug|x86.Build.0 = Debug|x86
		{4BA6068B-647C-454D-AED1-F4833034A476}.Release|Any CPU.ActiveCfg = Release|Any CPU
		{4BA6068B-647C-454D-AED1-F4833034A476}.Release|Any CPU.Build.0 = Release|Any CPU
		{4BA6068B-647C-454D-AED1-F4833034A476}.Release|x64.ActiveCfg = Release|x64
		{4BA6068B-647C-454D-AED1-F4833034A476}.Release|x64.Build.0 = Release|x64
		{4BA6068B-647C-454D-AED1-F4833034A476}.Release|x86.ActiveCfg = Release|x86
		{4BA6068B-647C-454D-AED1-F4833034A476}.Release|x86.Build.0 = Release|x86
		{3A5ACA94-47A7-47D6-B644-2B8A7503FCCC}.Debug|Any CPU.ActiveCfg = Debug|Any CPU
		{3A5ACA94-47A7-47D6-B644-2B8A7503FCCC}.Debug|Any CPU.Build.0 = Debug|Any CPU
		{3A5ACA94-47A7-47D6-B644-2B8A7503FCCC}.Debug|x64.ActiveCfg = Debug|x64
		{3A5ACA94-47A7-47D6-B644-2B8A7503FCCC}.Debug|x64.Build.0 = Debug|x64
		{3A5ACA94-47A7-47D6-B644-2B8A7503FCCC}.Debug|x86.ActiveCfg = Debug|x86
		{3A5ACA94-47A7-47D6-B644-2B8A7503FCCC}.Debug|x86.Build.0 = Debug|x86
		{3A5ACA94-47A7-47D6-B644-2B8A7503FCCC}.Release|Any CPU.ActiveCfg = Release|Any CPU
		{3A5ACA94-47A7-47D6-B644-2B8A7503FCCC}.Release|Any CPU.Build.0 = Release|Any CPU
		{3A5ACA94-47A7-47D6-B644-2B8A7503FCCC}.Release|x64.ActiveCfg = Release|x64
		{3A5ACA94-47A7-47D6-B644-2B8A7503FCCC}.Release|x64.Build.0 = Release|x64
		{3A5ACA94-47A7-47D6-B644-2B8A7503FCCC}.Release|x86.ActiveCfg = Release|x86
		{3A5ACA94-47A7-47D6-B644-2B8A7503FCCC}.Release|x86.Build.0 = Release|x86
		{B1DCDECA-B56E-41D5-9850-EF0D3A77DEAF}.Debug|Any CPU.ActiveCfg = Debug|Any CPU
		{B1DCDECA-B56E-41D5-9850-EF0D3A77DEAF}.Debug|Any CPU.Build.0 = Debug|Any CPU
		{B1DCDECA-B56E-41D5-9850-EF0D3A77DEAF}.Debug|x64.ActiveCfg = Debug|Any CPU
		{B1DCDECA-B56E-41D5-9850-EF0D3A77DEAF}.Debug|x86.ActiveCfg = Debug|Any CPU
		{B1DCDECA-B56E-41D5-9850-EF0D3A77DEAF}.Release|Any CPU.ActiveCfg = Release|Any CPU
		{B1DCDECA-B56E-41D5-9850-EF0D3A77DEAF}.Release|Any CPU.Build.0 = Release|Any CPU
		{B1DCDECA-B56E-41D5-9850-EF0D3A77DEAF}.Release|x64.ActiveCfg = Release|Any CPU
		{B1DCDECA-B56E-41D5-9850-EF0D3A77DEAF}.Release|x86.ActiveCfg = Release|Any CPU
		{EE2034D9-6E27-48A1-B855-42D45F69A4FC}.Debug|Any CPU.ActiveCfg = Debug|Any CPU
		{EE2034D9-6E27-48A1-B855-42D45F69A4FC}.Debug|Any CPU.Build.0 = Debug|Any CPU
		{EE2034D9-6E27-48A1-B855-42D45F69A4FC}.Debug|x64.ActiveCfg = Debug|x64
		{EE2034D9-6E27-48A1-B855-42D45F69A4FC}.Debug|x64.Build.0 = Debug|x64
		{EE2034D9-6E27-48A1-B855-42D45F69A4FC}.Debug|x86.ActiveCfg = Debug|x86
		{EE2034D9-6E27-48A1-B855-42D45F69A4FC}.Debug|x86.Build.0 = Debug|x86
		{EE2034D9-6E27-48A1-B855-42D45F69A4FC}.Release|Any CPU.ActiveCfg = Release|Any CPU
		{EE2034D9-6E27-48A1-B855-42D45F69A4FC}.Release|Any CPU.Build.0 = Release|Any CPU
		{EE2034D9-6E27-48A1-B855-42D45F69A4FC}.Release|x64.ActiveCfg = Release|x64
		{EE2034D9-6E27-48A1-B855-42D45F69A4FC}.Release|x64.Build.0 = Release|x64
		{EE2034D9-6E27-48A1-B855-42D45F69A4FC}.Release|x86.ActiveCfg = Release|x86
		{EE2034D9-6E27-48A1-B855-42D45F69A4FC}.Release|x86.Build.0 = Release|x86
		{1FC004FC-59AF-4249-B1B6-FF25873A20E4}.Debug|Any CPU.ActiveCfg = Debug|Any CPU
		{1FC004FC-59AF-4249-B1B6-FF25873A20E4}.Debug|Any CPU.Build.0 = Debug|Any CPU
		{1FC004FC-59AF-4249-B1B6-FF25873A20E4}.Debug|x64.ActiveCfg = Debug|x64
		{1FC004FC-59AF-4249-B1B6-FF25873A20E4}.Debug|x64.Build.0 = Debug|x64
		{1FC004FC-59AF-4249-B1B6-FF25873A20E4}.Debug|x86.ActiveCfg = Debug|x86
		{1FC004FC-59AF-4249-B1B6-FF25873A20E4}.Debug|x86.Build.0 = Debug|x86
		{1FC004FC-59AF-4249-B1B6-FF25873A20E4}.Release|Any CPU.ActiveCfg = Release|Any CPU
		{1FC004FC-59AF-4249-B1B6-FF25873A20E4}.Release|Any CPU.Build.0 = Release|Any CPU
		{1FC004FC-59AF-4249-B1B6-FF25873A20E4}.Release|x64.ActiveCfg = Release|x64
		{1FC004FC-59AF-4249-B1B6-FF25873A20E4}.Release|x64.Build.0 = Release|x64
		{1FC004FC-59AF-4249-B1B6-FF25873A20E4}.Release|x86.ActiveCfg = Release|x86
		{1FC004FC-59AF-4249-B1B6-FF25873A20E4}.Release|x86.Build.0 = Release|x86
		{0E27A536-1C4A-4624-A65E-DC4F4F23E3E1}.Debug|Any CPU.ActiveCfg = Debug|Any CPU
		{0E27A536-1C4A-4624-A65E-DC4F4F23E3E1}.Debug|Any CPU.Build.0 = Debug|Any CPU
		{0E27A536-1C4A-4624-A65E-DC4F4F23E3E1}.Debug|x64.ActiveCfg = Debug|x64
		{0E27A536-1C4A-4624-A65E-DC4F4F23E3E1}.Debug|x64.Build.0 = Debug|x64
		{0E27A536-1C4A-4624-A65E-DC4F4F23E3E1}.Debug|x86.ActiveCfg = Debug|x86
		{0E27A536-1C4A-4624-A65E-DC4F4F23E3E1}.Debug|x86.Build.0 = Debug|x86
		{0E27A536-1C4A-4624-A65E-DC4F4F23E3E1}.Release|Any CPU.ActiveCfg = Release|Any CPU
		{0E27A536-1C4A-4624-A65E-DC4F4F23E3E1}.Release|Any CPU.Build.0 = Release|Any CPU
		{0E27A536-1C4A-4624-A65E-DC4F4F23E3E1}.Release|x64.ActiveCfg = Release|x64
		{0E27A536-1C4A-4624-A65E-DC4F4F23E3E1}.Release|x64.Build.0 = Release|x64
		{0E27A536-1C4A-4624-A65E-DC4F4F23E3E1}.Release|x86.ActiveCfg = Release|x86
		{0E27A536-1C4A-4624-A65E-DC4F4F23E3E1}.Release|x86.Build.0 = Release|x86
		{C75532C4-765B-418E-B09B-46D36B2ABDB1}.Debug|Any CPU.ActiveCfg = Debug|Any CPU
		{C75532C4-765B-418E-B09B-46D36B2ABDB1}.Debug|Any CPU.Build.0 = Debug|Any CPU
		{C75532C4-765B-418E-B09B-46D36B2ABDB1}.Debug|x64.ActiveCfg = Debug|x64
		{C75532C4-765B-418E-B09B-46D36B2ABDB1}.Debug|x64.Build.0 = Debug|x64
		{C75532C4-765B-418E-B09B-46D36B2ABDB1}.Debug|x86.ActiveCfg = Debug|x86
		{C75532C4-765B-418E-B09B-46D36B2ABDB1}.Debug|x86.Build.0 = Debug|x86
		{C75532C4-765B-418E-B09B-46D36B2ABDB1}.Release|Any CPU.ActiveCfg = Release|Any CPU
		{C75532C4-765B-418E-B09B-46D36B2ABDB1}.Release|Any CPU.Build.0 = Release|Any CPU
		{C75532C4-765B-418E-B09B-46D36B2ABDB1}.Release|x64.ActiveCfg = Release|x64
		{C75532C4-765B-418E-B09B-46D36B2ABDB1}.Release|x64.Build.0 = Release|x64
		{C75532C4-765B-418E-B09B-46D36B2ABDB1}.Release|x86.ActiveCfg = Release|x86
		{C75532C4-765B-418E-B09B-46D36B2ABDB1}.Release|x86.Build.0 = Release|x86
		{3BD61258-31DA-4B09-89C0-4F71FEF5F05A}.Debug|Any CPU.ActiveCfg = Debug|Any CPU
		{3BD61258-31DA-4B09-89C0-4F71FEF5F05A}.Debug|Any CPU.Build.0 = Debug|Any CPU
		{3BD61258-31DA-4B09-89C0-4F71FEF5F05A}.Debug|x64.ActiveCfg = Debug|x64
		{3BD61258-31DA-4B09-89C0-4F71FEF5F05A}.Debug|x64.Build.0 = Debug|x64
		{3BD61258-31DA-4B09-89C0-4F71FEF5F05A}.Debug|x86.ActiveCfg = Debug|x86
		{3BD61258-31DA-4B09-89C0-4F71FEF5F05A}.Debug|x86.Build.0 = Debug|x86
		{3BD61258-31DA-4B09-89C0-4F71FEF5F05A}.Release|Any CPU.ActiveCfg = Release|Any CPU
		{3BD61258-31DA-4B09-89C0-4F71FEF5F05A}.Release|Any CPU.Build.0 = Release|Any CPU
		{3BD61258-31DA-4B09-89C0-4F71FEF5F05A}.Release|x64.ActiveCfg = Release|x64
		{3BD61258-31DA-4B09-89C0-4F71FEF5F05A}.Release|x64.Build.0 = Release|x64
		{3BD61258-31DA-4B09-89C0-4F71FEF5F05A}.Release|x86.ActiveCfg = Release|x86
		{3BD61258-31DA-4B09-89C0-4F71FEF5F05A}.Release|x86.Build.0 = Release|x86
		{569E430B-B4CE-4B94-A44E-6246B6E4E3BC}.Debug|Any CPU.ActiveCfg = Debug|Any CPU
		{569E430B-B4CE-4B94-A44E-6246B6E4E3BC}.Debug|Any CPU.Build.0 = Debug|Any CPU
		{569E430B-B4CE-4B94-A44E-6246B6E4E3BC}.Debug|x64.ActiveCfg = Debug|x64
		{569E430B-B4CE-4B94-A44E-6246B6E4E3BC}.Debug|x64.Build.0 = Debug|x64
		{569E430B-B4CE-4B94-A44E-6246B6E4E3BC}.Debug|x86.ActiveCfg = Debug|x86
		{569E430B-B4CE-4B94-A44E-6246B6E4E3BC}.Debug|x86.Build.0 = Debug|x86
		{569E430B-B4CE-4B94-A44E-6246B6E4E3BC}.Release|Any CPU.ActiveCfg = Release|Any CPU
		{569E430B-B4CE-4B94-A44E-6246B6E4E3BC}.Release|Any CPU.Build.0 = Release|Any CPU
		{569E430B-B4CE-4B94-A44E-6246B6E4E3BC}.Release|x64.ActiveCfg = Release|x64
		{569E430B-B4CE-4B94-A44E-6246B6E4E3BC}.Release|x64.Build.0 = Release|x64
		{569E430B-B4CE-4B94-A44E-6246B6E4E3BC}.Release|x86.ActiveCfg = Release|x86
		{569E430B-B4CE-4B94-A44E-6246B6E4E3BC}.Release|x86.Build.0 = Release|x86
		{AB687BBE-1BFE-476B-906D-44237135431D}.Debug|Any CPU.ActiveCfg = Debug|Any CPU
		{AB687BBE-1BFE-476B-906D-44237135431D}.Debug|Any CPU.Build.0 = Debug|Any CPU
		{AB687BBE-1BFE-476B-906D-44237135431D}.Debug|x64.ActiveCfg = Debug|x64
		{AB687BBE-1BFE-476B-906D-44237135431D}.Debug|x64.Build.0 = Debug|x64
		{AB687BBE-1BFE-476B-906D-44237135431D}.Debug|x86.ActiveCfg = Debug|x86
		{AB687BBE-1BFE-476B-906D-44237135431D}.Debug|x86.Build.0 = Debug|x86
		{AB687BBE-1BFE-476B-906D-44237135431D}.Release|Any CPU.ActiveCfg = Release|Any CPU
		{AB687BBE-1BFE-476B-906D-44237135431D}.Release|Any CPU.Build.0 = Release|Any CPU
		{AB687BBE-1BFE-476B-906D-44237135431D}.Release|x64.ActiveCfg = Release|x64
		{AB687BBE-1BFE-476B-906D-44237135431D}.Release|x64.Build.0 = Release|x64
		{AB687BBE-1BFE-476B-906D-44237135431D}.Release|x86.ActiveCfg = Release|x86
		{AB687BBE-1BFE-476B-906D-44237135431D}.Release|x86.Build.0 = Release|x86
	EndGlobalSection
	GlobalSection(SolutionProperties) = preSolution
		HideSolutionNode = FALSE
	EndGlobalSection
EndGlobal
