
Microsoft Visual Studio Solution File, Format Version 12.00
# Visual Studio 2012
Project("{FAE04EC0-301F-11D3-BF4B-00C04F79EFBC}") = "HeuristicLab.Problems.DataAnalysis.Trading-3.4", "HeuristicLab.Problems.DataAnalysis.Trading\3.4\HeuristicLab.Problems.DataAnalysis.Trading-3.4.csproj", "{E4EE5AFB-D552-447B-8A16-6CBE7938AF32}"
EndProject
Project("{2150E333-8FDC-42A3-9474-1A3956D46DE8}") = "Solution Items", "Solution Items", "{7CE422F3-3DBB-4A1F-B45D-03D0C389DFD6}"
	ProjectSection(SolutionItems) = preProject
		Build.cmd = Build.cmd
		PreBuildEvent.cmd = PreBuildEvent.cmd
	EndProjectSection
EndProject
Project("{FAE04EC0-301F-11D3-BF4B-00C04F79EFBC}") = "HeuristicLab.Problems.DataAnalysis.Trading.Views-3.4", "HeuristicLab.Problems.DataAnalysis.Trading.Views\3.4\HeuristicLab.Problems.DataAnalysis.Trading.Views-3.4.csproj", "{CB3D0A1E-1BE8-476B-A53C-2B189E30064F}"
EndProject
Global
	GlobalSection(SolutionConfigurationPlatforms) = preSolution
		Debug|Any CPU = Debug|Any CPU
		Debug|x64 = Debug|x64
		Debug|x86 = Debug|x86
		Release|Any CPU = Release|Any CPU
		Release|x64 = Release|x64
		Release|x86 = Release|x86
	EndGlobalSection
	GlobalSection(ProjectConfigurationPlatforms) = postSolution
		{E4EE5AFB-D552-447B-8A16-6CBE7938AF32}.Debug|Any CPU.ActiveCfg = Debug|Any CPU
		{E4EE5AFB-D552-447B-8A16-6CBE7938AF32}.Debug|Any CPU.Build.0 = Debug|Any CPU
		{E4EE5AFB-D552-447B-8A16-6CBE7938AF32}.Debug|x64.ActiveCfg = Debug|x64
		{E4EE5AFB-D552-447B-8A16-6CBE7938AF32}.Debug|x64.Build.0 = Debug|x64
		{E4EE5AFB-D552-447B-8A16-6CBE7938AF32}.Debug|x86.ActiveCfg = Debug|x86
		{E4EE5AFB-D552-447B-8A16-6CBE7938AF32}.Debug|x86.Build.0 = Debug|x86
		{E4EE5AFB-D552-447B-8A16-6CBE7938AF32}.Release|Any CPU.ActiveCfg = Release|Any CPU
		{E4EE5AFB-D552-447B-8A16-6CBE7938AF32}.Release|Any CPU.Build.0 = Release|Any CPU
		{E4EE5AFB-D552-447B-8A16-6CBE7938AF32}.Release|x64.ActiveCfg = Release|x64
		{E4EE5AFB-D552-447B-8A16-6CBE7938AF32}.Release|x64.Build.0 = Release|x64
		{E4EE5AFB-D552-447B-8A16-6CBE7938AF32}.Release|x86.ActiveCfg = Release|x86
		{E4EE5AFB-D552-447B-8A16-6CBE7938AF32}.Release|x86.Build.0 = Release|x86
		{CB3D0A1E-1BE8-476B-A53C-2B189E30064F}.Debug|Any CPU.ActiveCfg = Debug|Any CPU
		{CB3D0A1E-1BE8-476B-A53C-2B189E30064F}.Debug|Any CPU.Build.0 = Debug|Any CPU
		{CB3D0A1E-1BE8-476B-A53C-2B189E30064F}.Debug|x64.ActiveCfg = Debug|x64
		{CB3D0A1E-1BE8-476B-A53C-2B189E30064F}.Debug|x64.Build.0 = Debug|x64
		{CB3D0A1E-1BE8-476B-A53C-2B189E30064F}.Debug|x86.ActiveCfg = Debug|x86
		{CB3D0A1E-1BE8-476B-A53C-2B189E30064F}.Debug|x86.Build.0 = Debug|x86
		{CB3D0A1E-1BE8-476B-A53C-2B189E30064F}.Release|Any CPU.ActiveCfg = Release|Any CPU
		{CB3D0A1E-1BE8-476B-A53C-2B189E30064F}.Release|Any CPU.Build.0 = Release|Any CPU
		{CB3D0A1E-1BE8-476B-A53C-2B189E30064F}.Release|x64.ActiveCfg = Release|x64
		{CB3D0A1E-1BE8-476B-A53C-2B189E30064F}.Release|x64.Build.0 = Release|x64
		{CB3D0A1E-1BE8-476B-A53C-2B189E30064F}.Release|x86.ActiveCfg = Release|x86
		{CB3D0A1E-1BE8-476B-A53C-2B189E30064F}.Release|x86.Build.0 = Release|x86
	EndGlobalSection
	GlobalSection(SolutionProperties) = preSolution
		HideSolutionNode = FALSE
	EndGlobalSection
EndGlobal
