
Microsoft Visual Studio Solution File, Format Version 11.00
# Visual Studio 2010
Project("{FAE04EC0-301F-11D3-BF4B-00C04F79EFBC}") = "HeuristicLab.FxCop", "HeuristicLab.FxCop\HeuristicLab.FxCop.csproj", "{FEE04F36-4C93-4B9E-BF22-D899ADFBD334}"
EndProject
Global
	GlobalSection(SolutionConfigurationPlatforms) = preSolution
		Debug|Any CPU = Debug|Any CPU
		Release|Any CPU = Release|Any CPU
	EndGlobalSection
	GlobalSection(ProjectConfigurationPlatforms) = postSolution
		{FEE04F36-4C93-4B9E-BF22-D899ADFBD334}.Debug|Any CPU.ActiveCfg = Debug|Any CPU
		{FEE04F36-4C93-4B9E-BF22-D899ADFBD334}.Debug|Any CPU.Build.0 = Debug|Any CPU
		{FEE04F36-4C93-4B9E-BF22-D899ADFBD334}.Release|Any CPU.ActiveCfg = Release|Any CPU
		{FEE04F36-4C93-4B9E-BF22-D899ADFBD334}.Release|Any CPU.Build.0 = Release|Any CPU
	EndGlobalSection
	GlobalSection(SolutionProperties) = preSolution
		HideSolutionNode = FALSE
	EndGlobalSection
EndGlobal
