
Microsoft Visual Studio Solution File, Format Version 11.00
# Visual Studio 2010
Project("{2150E333-8FDC-42A3-9474-1A3956D46DE8}") = "Solution Items", "Solution Items", "{28A05A91-A678-43B9-8573-0A7461E20F81}"
EndProject
Project("{2150E333-8FDC-42A3-9474-1A3956D46DE8}") = "HeuristicLabViewTemplate", "HeuristicLabViewTemplate", "{4BB6A8B2-416E-4577-A1D9-9EC3420B8EB2}"
	ProjectSection(SolutionItems) = preProject
		HeuristicLabViewTemplate\__TemplateIcon.ico = HeuristicLabViewTemplate\__TemplateIcon.ico
		HeuristicLabViewTemplate\DefaultView.cs = HeuristicLabViewTemplate\DefaultView.cs
		HeuristicLabViewTemplate\DefaultView.Designer.cs = HeuristicLabViewTemplate\DefaultView.Designer.cs
		HeuristicLabViewTemplate\InstallTemplate.cmd = HeuristicLabViewTemplate\InstallTemplate.cmd
		HeuristicLabViewTemplate\MyTemplate.vstemplate = HeuristicLabViewTemplate\MyTemplate.vstemplate
	EndProjectSection
EndProject
Project("{54435603-DBB4-11D2-8724-00A0C9A8B90C}") = "HeuristicLabVS2010WizardsInstaller", "HeuristicLabVS2010WizardsInstaller\HeuristicLabVS2010WizardsInstaller.vdproj", "{A24AC3D1-0D32-495B-A3FA-CD15B960DCF1}"
EndProject
Project("{FAE04EC0-301F-11D3-BF4B-00C04F79EFBC}") = "HeuristicLab.VS2010Wizards", "HeuristicLab.VS2010Wizards\HeuristicLab.VS2010Wizards.csproj", "{F1B37418-F66E-41C0-BC36-B9A02BBAF62D}"
EndProject
Project("{2150E333-8FDC-42A3-9474-1A3956D46DE8}") = "HeuristicLabAlgorithmTemplate", "HeuristicLabAlgorithmTemplate", "{0F752C36-F6AD-480A-9720-CCEB240BE914}"
	ProjectSection(SolutionItems) = preProject
		HeuristicLabAlgorithmTemplate\__TemplateIcon.ico = HeuristicLabAlgorithmTemplate\__TemplateIcon.ico
		HeuristicLabAlgorithmTemplate\DefaultAlgorithm.cs = HeuristicLabAlgorithmTemplate\DefaultAlgorithm.cs
		HeuristicLabAlgorithmTemplate\InstallTemplate.cmd = HeuristicLabAlgorithmTemplate\InstallTemplate.cmd
		HeuristicLabAlgorithmTemplate\MyTemplate.vstemplate = HeuristicLabAlgorithmTemplate\MyTemplate.vstemplate
	EndProjectSection
EndProject
Project("{FAE04EC0-301F-11D3-BF4B-00C04F79EFBC}") = "HeuristicLab.VS2010Wizards.Test", "HeuristicLab.VS2010Wizards.Test\HeuristicLab.VS2010Wizards.Test.csproj", "{5908CE89-79AC-4CFC-ADA9-7D73A1D03DC4}"
EndProject
Project("{2150E333-8FDC-42A3-9474-1A3956D46DE8}") = "HeuristicLabProblemTemplate", "HeuristicLabProblemTemplate", "{3577ED45-0083-4164-89B3-01B3CE77B279}"
	ProjectSection(SolutionItems) = preProject
		HeuristicLabProblemTemplate\__TemplateIcon.ico = HeuristicLabProblemTemplate\__TemplateIcon.ico
		HeuristicLabProblemTemplate\DefaultProblem.cs = HeuristicLabProblemTemplate\DefaultProblem.cs
		HeuristicLabProblemTemplate\InstallTemplate.cmd = HeuristicLabProblemTemplate\InstallTemplate.cmd
		HeuristicLabProblemTemplate\MyTemplate.vstemplate = HeuristicLabProblemTemplate\MyTemplate.vstemplate
	EndProjectSection
EndProject
Project("{2150E333-8FDC-42A3-9474-1A3956D46DE8}") = "HeuristicLab 3.3 Plugin Template", "HeuristicLab 3.3 Plugin Template", "{1562A0EE-488D-4BC2-AA4D-D0C33EADE000}"
	ProjectSection(SolutionItems) = preProject
		HeuristicLab 3.3 Plugin Template\HeuristicLab.Plugin.csproj = HeuristicLab 3.3 Plugin Template\HeuristicLab.Plugin.csproj
		HeuristicLab 3.3 Plugin Template\HeuristicLab.snk = HeuristicLab 3.3 Plugin Template\HeuristicLab.snk
		HeuristicLab 3.3 Plugin Template\HeuristicLabIcon.ico = HeuristicLab 3.3 Plugin Template\HeuristicLabIcon.ico
		HeuristicLab 3.3 Plugin Template\InstallTemplate.cmd = HeuristicLab 3.3 Plugin Template\InstallTemplate.cmd
		HeuristicLab 3.3 Plugin Template\Plugin.cs = HeuristicLab 3.3 Plugin Template\Plugin.cs
		HeuristicLab 3.3 Plugin Template\Plugin.cs.frame = HeuristicLab 3.3 Plugin Template\Plugin.cs.frame
		HeuristicLab 3.3 Plugin Template\PluginProjectTemplate.vstemplate = HeuristicLab 3.3 Plugin Template\PluginProjectTemplate.vstemplate
	EndProjectSection
EndProject
Project("{2150E333-8FDC-42A3-9474-1A3956D46DE8}") = "Properties", "Properties", "{F6B35DE9-F01C-4D6D-8609-91C38B7D4B35}"
	ProjectSection(SolutionItems) = preProject
		HeuristicLab 3.3 Plugin Template\Properties\AssemblyInfo.cs = HeuristicLab 3.3 Plugin Template\Properties\AssemblyInfo.cs
		HeuristicLab 3.3 Plugin Template\Properties\AssemblyInfo.frame = HeuristicLab 3.3 Plugin Template\Properties\AssemblyInfo.frame
	EndProjectSection
EndProject
Project("{2150E333-8FDC-42A3-9474-1A3956D46DE8}") = "HeuristicLabItemTemplate", "HeuristicLabItemTemplate", "{A7080998-B97B-44BA-911F-262A1AC14463}"
	ProjectSection(SolutionItems) = preProject
		HeuristicLabItemTemplate\__TemplateIcon.ico = HeuristicLabItemTemplate\__TemplateIcon.ico
		HeuristicLabItemTemplate\DefaultItem.cs = HeuristicLabItemTemplate\DefaultItem.cs
		HeuristicLabItemTemplate\InstallTemplate.cmd = HeuristicLabItemTemplate\InstallTemplate.cmd
		HeuristicLabItemTemplate\MyTemplate.vstemplate = HeuristicLabItemTemplate\MyTemplate.vstemplate
	EndProjectSection
EndProject
Global
	GlobalSection(SolutionConfigurationPlatforms) = preSolution
		Debug|Any CPU = Debug|Any CPU
		Debug|x86 = Debug|x86
		Release|Any CPU = Release|Any CPU
		Release|x86 = Release|x86
	EndGlobalSection
	GlobalSection(ProjectConfigurationPlatforms) = postSolution
		{A24AC3D1-0D32-495B-A3FA-CD15B960DCF1}.Debug|Any CPU.ActiveCfg = Debug
		{A24AC3D1-0D32-495B-A3FA-CD15B960DCF1}.Debug|Any CPU.Build.0 = Debug
		{A24AC3D1-0D32-495B-A3FA-CD15B960DCF1}.Debug|x86.ActiveCfg = Debug
		{A24AC3D1-0D32-495B-A3FA-CD15B960DCF1}.Debug|x86.Build.0 = Debug
		{A24AC3D1-0D32-495B-A3FA-CD15B960DCF1}.Release|Any CPU.ActiveCfg = Release
		{A24AC3D1-0D32-495B-A3FA-CD15B960DCF1}.Release|Any CPU.Build.0 = Release
		{A24AC3D1-0D32-495B-A3FA-CD15B960DCF1}.Release|x86.ActiveCfg = Release
		{A24AC3D1-0D32-495B-A3FA-CD15B960DCF1}.Release|x86.Build.0 = Release
		{F1B37418-F66E-41C0-BC36-B9A02BBAF62D}.Debug|Any CPU.ActiveCfg = Debug|Any CPU
		{F1B37418-F66E-41C0-BC36-B9A02BBAF62D}.Debug|Any CPU.Build.0 = Debug|Any CPU
		{F1B37418-F66E-41C0-BC36-B9A02BBAF62D}.Debug|x86.ActiveCfg = Debug|x86
		{F1B37418-F66E-41C0-BC36-B9A02BBAF62D}.Debug|x86.Build.0 = Debug|x86
		{F1B37418-F66E-41C0-BC36-B9A02BBAF62D}.Release|Any CPU.ActiveCfg = Release|Any CPU
		{F1B37418-F66E-41C0-BC36-B9A02BBAF62D}.Release|Any CPU.Build.0 = Release|Any CPU
		{F1B37418-F66E-41C0-BC36-B9A02BBAF62D}.Release|x86.ActiveCfg = Release|x86
		{F1B37418-F66E-41C0-BC36-B9A02BBAF62D}.Release|x86.Build.0 = Release|x86
		{5908CE89-79AC-4CFC-ADA9-7D73A1D03DC4}.Debug|Any CPU.ActiveCfg = Debug|Any CPU
		{5908CE89-79AC-4CFC-ADA9-7D73A1D03DC4}.Debug|Any CPU.Build.0 = Debug|Any CPU
		{5908CE89-79AC-4CFC-ADA9-7D73A1D03DC4}.Debug|x86.ActiveCfg = Debug|x86
		{5908CE89-79AC-4CFC-ADA9-7D73A1D03DC4}.Debug|x86.Build.0 = Debug|x86
		{5908CE89-79AC-4CFC-ADA9-7D73A1D03DC4}.Release|Any CPU.ActiveCfg = Release|Any CPU
		{5908CE89-79AC-4CFC-ADA9-7D73A1D03DC4}.Release|Any CPU.Build.0 = Release|Any CPU
		{5908CE89-79AC-4CFC-ADA9-7D73A1D03DC4}.Release|x86.ActiveCfg = Release|x86
		{5908CE89-79AC-4CFC-ADA9-7D73A1D03DC4}.Release|x86.Build.0 = Release|x86
	EndGlobalSection
	GlobalSection(SolutionProperties) = preSolution
		HideSolutionNode = FALSE
	EndGlobalSection
	GlobalSection(NestedProjects) = preSolution
		{0F752C36-F6AD-480A-9720-CCEB240BE914} = {28A05A91-A678-43B9-8573-0A7461E20F81}
		{3577ED45-0083-4164-89B3-01B3CE77B279} = {28A05A91-A678-43B9-8573-0A7461E20F81}
		{1562A0EE-488D-4BC2-AA4D-D0C33EADE000} = {28A05A91-A678-43B9-8573-0A7461E20F81}
		{4BB6A8B2-416E-4577-A1D9-9EC3420B8EB2} = {28A05A91-A678-43B9-8573-0A7461E20F81}
		{A7080998-B97B-44BA-911F-262A1AC14463} = {28A05A91-A678-43B9-8573-0A7461E20F81}
		{F6B35DE9-F01C-4D6D-8609-91C38B7D4B35} = {1562A0EE-488D-4BC2-AA4D-D0C33EADE000}
	EndGlobalSection
EndGlobal
