
Microsoft Visual Studio Solution File, Format Version 12.00
# Visual Studio 15
VisualStudioVersion = 15.0.26430.6
MinimumVisualStudioVersion = 10.0.40219.1
Project("{FAE04EC0-301F-11D3-BF4B-00C04F79EFBC}") = "ExternalEvaluation.Service", "ExternalEvaluation.Service\ExternalEvaluation.Service.csproj", "{79C76C35-4D81-4E8F-BC0A-15A1C435A112}"
EndProject
Project("{FAE04EC0-301F-11D3-BF4B-00C04F79EFBC}") = "ExternalEvaluation.Service.Host", "ExternalEvaluation.Service.Host\ExternalEvaluation.Service.Host.csproj", "{C08BC223-0B50-40DB-A646-2AE083FFA189}"
EndProject
Project("{2150E333-8FDC-42A3-9474-1A3956D46DE8}") = "Solution Items", "Solution Items", "{3CD2B498-DC9C-4DA9-9FF6-DA7D5899886A}"
	ProjectSection(SolutionItems) = preProject
		Google.ProtocolBuffers-2.4.1.473.dll = Google.ProtocolBuffers-2.4.1.473.dll
		PreBuildEvent.cmd = PreBuildEvent.cmd
		protoc.exe = protoc.exe
		ProtoGen.exe = ProtoGen.exe
	EndProjectSection
EndProject
Global
	GlobalSection(SolutionConfigurationPlatforms) = preSolution
		Debug|Any CPU = Debug|Any CPU
		Debug|x86 = Debug|x86
		Release|Any CPU = Release|Any CPU
		Release|x86 = Release|x86
	EndGlobalSection
	GlobalSection(ProjectConfigurationPlatforms) = postSolution
		{79C76C35-4D81-4E8F-BC0A-15A1C435A112}.Debug|Any CPU.ActiveCfg = Debug|Any CPU
		{79C76C35-4D81-4E8F-BC0A-15A1C435A112}.Debug|Any CPU.Build.0 = Debug|Any CPU
		{79C76C35-4D81-4E8F-BC0A-15A1C435A112}.Debug|x86.ActiveCfg = Debug|x86
		{79C76C35-4D81-4E8F-BC0A-15A1C435A112}.Debug|x86.Build.0 = Debug|x86
		{79C76C35-4D81-4E8F-BC0A-15A1C435A112}.Release|Any CPU.ActiveCfg = Release|Any CPU
		{79C76C35-4D81-4E8F-BC0A-15A1C435A112}.Release|Any CPU.Build.0 = Release|Any CPU
		{79C76C35-4D81-4E8F-BC0A-15A1C435A112}.Release|x86.ActiveCfg = Release|x86
		{79C76C35-4D81-4E8F-BC0A-15A1C435A112}.Release|x86.Build.0 = Release|x86
		{C08BC223-0B50-40DB-A646-2AE083FFA189}.Debug|Any CPU.ActiveCfg = Debug|Any CPU
		{C08BC223-0B50-40DB-A646-2AE083FFA189}.Debug|Any CPU.Build.0 = Debug|Any CPU
		{C08BC223-0B50-40DB-A646-2AE083FFA189}.Debug|x86.ActiveCfg = Debug|x86
		{C08BC223-0B50-40DB-A646-2AE083FFA189}.Debug|x86.Build.0 = Debug|x86
		{C08BC223-0B50-40DB-A646-2AE083FFA189}.Release|Any CPU.ActiveCfg = Release|Any CPU
		{C08BC223-0B50-40DB-A646-2AE083FFA189}.Release|Any CPU.Build.0 = Release|Any CPU
		{C08BC223-0B50-40DB-A646-2AE083FFA189}.Release|x86.ActiveCfg = Release|x86
		{C08BC223-0B50-40DB-A646-2AE083FFA189}.Release|x86.Build.0 = Release|x86
	EndGlobalSection
	GlobalSection(SolutionProperties) = preSolution
		HideSolutionNode = FALSE
	EndGlobalSection
EndGlobal
